// !$*UTF8*$!
{
	archiveVersion = 1;
	classes = {
	};
	objectVersion = 51;
	objects = {

/* Begin PBXBuildFile section */
		4003875D24D11132008CD83F /* FeaturedTBCell.xib in Resources */ = {isa = PBXBuildFile; fileRef = 4003875424D11132008CD83F /* FeaturedTBCell.xib */; };
		4003875E24D11132008CD83F /* RecipeTBCell.swift in Sources */ = {isa = PBXBuildFile; fileRef = 4003875524D11132008CD83F /* RecipeTBCell.swift */; };
		4003875F24D11132008CD83F /* FeaturedTBCell.swift in Sources */ = {isa = PBXBuildFile; fileRef = 4003875624D11132008CD83F /* FeaturedTBCell.swift */; };
		4003876024D11132008CD83F /* HomeTableHeaderView.xib in Resources */ = {isa = PBXBuildFile; fileRef = 4003875724D11132008CD83F /* HomeTableHeaderView.xib */; };
		4003876124D11132008CD83F /* HomeTableHeaderView.swift in Sources */ = {isa = PBXBuildFile; fileRef = 4003875824D11132008CD83F /* HomeTableHeaderView.swift */; };
		4003876224D11132008CD83F /* RecipeTBCell.xib in Resources */ = {isa = PBXBuildFile; fileRef = 4003875924D11132008CD83F /* RecipeTBCell.xib */; };
		4003876324D11132008CD83F /* FeaturedCLCell.xib in Resources */ = {isa = PBXBuildFile; fileRef = 4003875B24D11132008CD83F /* FeaturedCLCell.xib */; };
		4003876424D11132008CD83F /* FeaturedCLCell.swift in Sources */ = {isa = PBXBuildFile; fileRef = 4003875C24D11132008CD83F /* FeaturedCLCell.swift */; };
		4003876624D11138008CD83F /* HomeDataSource.swift in Sources */ = {isa = PBXBuildFile; fileRef = 4003876524D11138008CD83F /* HomeDataSource.swift */; };
		4003876824D11254008CD83F /* Helpers.swift in Sources */ = {isa = PBXBuildFile; fileRef = 4003876724D11254008CD83F /* Helpers.swift */; };
		40308EC324D2778D0026A3B3 /* Number+.swift in Sources */ = {isa = PBXBuildFile; fileRef = 40308EC224D2778D0026A3B3 /* Number+.swift */; };
		40358B1524D8003D00D7E8DE /* HeaderTableView.swift in Sources */ = {isa = PBXBuildFile; fileRef = 40358B1324D8003C00D7E8DE /* HeaderTableView.swift */; };
		40358B1624D8003D00D7E8DE /* RefreshControl.swift in Sources */ = {isa = PBXBuildFile; fileRef = 40358B1424D8003D00D7E8DE /* RefreshControl.swift */; };
		40358B2424D8008100D7E8DE /* IngredientTBCell.xib in Resources */ = {isa = PBXBuildFile; fileRef = 40358B1824D8008000D7E8DE /* IngredientTBCell.xib */; };
		40358B2624D8008100D7E8DE /* RecipeHeaderView.swift in Sources */ = {isa = PBXBuildFile; fileRef = 40358B1A24D8008000D7E8DE /* RecipeHeaderView.swift */; };
		40358B2924D8008100D7E8DE /* NutritionTBCell.swift in Sources */ = {isa = PBXBuildFile; fileRef = 40358B1D24D8008100D7E8DE /* NutritionTBCell.swift */; };
		40358B2A24D8008100D7E8DE /* IngredientTBCell.swift in Sources */ = {isa = PBXBuildFile; fileRef = 40358B1E24D8008100D7E8DE /* IngredientTBCell.swift */; };
		40358B2B24D8008100D7E8DE /* RecipeHeaderView.xib in Resources */ = {isa = PBXBuildFile; fileRef = 40358B1F24D8008100D7E8DE /* RecipeHeaderView.xib */; };
		40358B2D24D8008100D7E8DE /* NutritionTBCell.xib in Resources */ = {isa = PBXBuildFile; fileRef = 40358B2124D8008100D7E8DE /* NutritionTBCell.xib */; };
		40358B2E24D8008100D7E8DE /* StepTBCell.swift in Sources */ = {isa = PBXBuildFile; fileRef = 40358B2224D8008100D7E8DE /* StepTBCell.swift */; };
		40358B2F24D8008100D7E8DE /* StepTBCell.xib in Resources */ = {isa = PBXBuildFile; fileRef = 40358B2324D8008100D7E8DE /* StepTBCell.xib */; };
		4045027D24D9063F00D0B1B0 /* ShoppingList.swift in Sources */ = {isa = PBXBuildFile; fileRef = 4045027A24D9063E00D0B1B0 /* ShoppingList.swift */; };
		4045027E24D9063F00D0B1B0 /* ShortIngredient.swift in Sources */ = {isa = PBXBuildFile; fileRef = 4045027B24D9063E00D0B1B0 /* ShortIngredient.swift */; };
		4045028424D9075100D0B1B0 /* ShoppingListTBCell.swift in Sources */ = {isa = PBXBuildFile; fileRef = 4045028024D9075100D0B1B0 /* ShoppingListTBCell.swift */; };
		4045028524D9075100D0B1B0 /* ShoppingListHeaderView.swift in Sources */ = {isa = PBXBuildFile; fileRef = 4045028124D9075100D0B1B0 /* ShoppingListHeaderView.swift */; };
		4045028624D9075100D0B1B0 /* ShoppingListHeaderView.xib in Resources */ = {isa = PBXBuildFile; fileRef = 4045028224D9075100D0B1B0 /* ShoppingListHeaderView.xib */; };
		4045028724D9075100D0B1B0 /* ShoppingListTBCell.xib in Resources */ = {isa = PBXBuildFile; fileRef = 4045028324D9075100D0B1B0 /* ShoppingListTBCell.xib */; };
		4045028924D92FDF00D0B1B0 /* MagicalRecord+Rx.swift in Sources */ = {isa = PBXBuildFile; fileRef = 4045028824D92FDF00D0B1B0 /* MagicalRecord+Rx.swift */; };
		4045028B24D92FEA00D0B1B0 /* CoreDataRepository.swift in Sources */ = {isa = PBXBuildFile; fileRef = 4045028A24D92FEA00D0B1B0 /* CoreDataRepository.swift */; };
		4045028D24D9304D00D0B1B0 /* CoreDataError.swift in Sources */ = {isa = PBXBuildFile; fileRef = 4045028C24D9304D00D0B1B0 /* CoreDataError.swift */; };
		4045028F24D9359C00D0B1B0 /* ShopingListRepository.swift in Sources */ = {isa = PBXBuildFile; fileRef = 4045028E24D9359C00D0B1B0 /* ShopingListRepository.swift */; };
		4045029124D9367200D0B1B0 /* NSShortIngredient.swift in Sources */ = {isa = PBXBuildFile; fileRef = 4045029024D9367200D0B1B0 /* NSShortIngredient.swift */; };
		4048B87D24D382DF001D795C /* RecipeInfoViewController.swift in Sources */ = {isa = PBXBuildFile; fileRef = 4048B87424D382DF001D795C /* RecipeInfoViewController.swift */; };
		4048B87E24D382DF001D795C /* RecipeInfoNavigator.swift in Sources */ = {isa = PBXBuildFile; fileRef = 4048B87524D382DF001D795C /* RecipeInfoNavigator.swift */; };
		4048B87F24D382DF001D795C /* RecipeInfoUseCase.swift in Sources */ = {isa = PBXBuildFile; fileRef = 4048B87624D382DF001D795C /* RecipeInfoUseCase.swift */; };
		4048B88024D382DF001D795C /* RecipeInfoViewModel.swift in Sources */ = {isa = PBXBuildFile; fileRef = 4048B87724D382DF001D795C /* RecipeInfoViewModel.swift */; };
		4048B88124D382DF001D795C /* SearchViewController.swift in Sources */ = {isa = PBXBuildFile; fileRef = 4048B87924D382DF001D795C /* SearchViewController.swift */; };
		4048B88224D382DF001D795C /* SearchUseCase.swift in Sources */ = {isa = PBXBuildFile; fileRef = 4048B87A24D382DF001D795C /* SearchUseCase.swift */; };
		4048B88324D382DF001D795C /* SearchViewModel.swift in Sources */ = {isa = PBXBuildFile; fileRef = 4048B87B24D382DF001D795C /* SearchViewModel.swift */; };
		4048B88424D382DF001D795C /* SearchNavigator.swift in Sources */ = {isa = PBXBuildFile; fileRef = 4048B87C24D382DF001D795C /* SearchNavigator.swift */; };
		4048B88624D38314001D795C /* RecipeInfo.storyboard in Resources */ = {isa = PBXBuildFile; fileRef = 4048B88524D38314001D795C /* RecipeInfo.storyboard */; };
		4048B88824D38325001D795C /* Search.storyboard in Resources */ = {isa = PBXBuildFile; fileRef = 4048B88724D38325001D795C /* Search.storyboard */; };
		4048B88C24D38797001D795C /* EmptyView.xib in Resources */ = {isa = PBXBuildFile; fileRef = 4048B88A24D38797001D795C /* EmptyView.xib */; };
		4048B88D24D38797001D795C /* EmptyView.swift in Sources */ = {isa = PBXBuildFile; fileRef = 4048B88B24D38797001D795C /* EmptyView.swift */; };
		4048B89024D38830001D795C /* UITableView+Rx.swift in Sources */ = {isa = PBXBuildFile; fileRef = 4048B88E24D38830001D795C /* UITableView+Rx.swift */; };
		404CC62124CE645200686B99 /* AppDelegate.swift in Sources */ = {isa = PBXBuildFile; fileRef = 404CC62024CE645200686B99 /* AppDelegate.swift */; };
		404CC62324CE645200686B99 /* SceneDelegate.swift in Sources */ = {isa = PBXBuildFile; fileRef = 404CC62224CE645200686B99 /* SceneDelegate.swift */; };
		404CC62824CE645200686B99 /* Main.storyboard in Resources */ = {isa = PBXBuildFile; fileRef = 404CC62624CE645200686B99 /* Main.storyboard */; };
		404CC62B24CE645200686B99 /* Delicious.xcdatamodeld in Sources */ = {isa = PBXBuildFile; fileRef = 404CC62924CE645200686B99 /* Delicious.xcdatamodeld */; };
		404CC62D24CE645500686B99 /* Assets.xcassets in Resources */ = {isa = PBXBuildFile; fileRef = 404CC62C24CE645500686B99 /* Assets.xcassets */; };
		404CC63024CE645500686B99 /* LaunchScreen.storyboard in Resources */ = {isa = PBXBuildFile; fileRef = 404CC62E24CE645500686B99 /* LaunchScreen.storyboard */; };
		404CC63B24CE645500686B99 /* DeliciousTests.swift in Sources */ = {isa = PBXBuildFile; fileRef = 404CC63A24CE645500686B99 /* DeliciousTests.swift */; };
		404CC64624CE645500686B99 /* DeliciousUITests.swift in Sources */ = {isa = PBXBuildFile; fileRef = 404CC64524CE645500686B99 /* DeliciousUITests.swift */; };
		407DED9A24CECBC500B30B5A /* APIServices.swift in Sources */ = {isa = PBXBuildFile; fileRef = 407DED8A24CECBC500B30B5A /* APIServices.swift */; };
		407DED9E24CECBC500B30B5A /* BaseRequest.swift in Sources */ = {isa = PBXBuildFile; fileRef = 407DED9124CECBC500B30B5A /* BaseRequest.swift */; };
		407DEDA324CECBC500B30B5A /* ErrorResponse.swift in Sources */ = {isa = PBXBuildFile; fileRef = 407DED9724CECBC500B30B5A /* ErrorResponse.swift */; };
		407DEDA424CECBC500B30B5A /* BaseError.swift in Sources */ = {isa = PBXBuildFile; fileRef = 407DED9824CECBC500B30B5A /* BaseError.swift */; };
		407DEDA524CECBC500B30B5A /* HTTPStatusCode.swift in Sources */ = {isa = PBXBuildFile; fileRef = 407DED9924CECBC500B30B5A /* HTTPStatusCode.swift */; };
		407DEDA724CECC5300B30B5A /* CustomRequestAdapter.swift in Sources */ = {isa = PBXBuildFile; fileRef = 407DEDA624CECC5300B30B5A /* CustomRequestAdapter.swift */; };
		407DEDA924CECC6400B30B5A /* APIKey.swift in Sources */ = {isa = PBXBuildFile; fileRef = 407DEDA824CECC6300B30B5A /* APIKey.swift */; };
		40805DE024D7A9BB00C5BB82 /* HomeResponse.swift in Sources */ = {isa = PBXBuildFile; fileRef = 40805DDF24D7A9BB00C5BB82 /* HomeResponse.swift */; };
		40805DE224D7A9C200C5BB82 /* HomeRequest.swift in Sources */ = {isa = PBXBuildFile; fileRef = 40805DE124D7A9C100C5BB82 /* HomeRequest.swift */; };
		40805DE424D7A9D000C5BB82 /* URLs.swift in Sources */ = {isa = PBXBuildFile; fileRef = 40805DE324D7A9D000C5BB82 /* URLs.swift */; };
		40805DE724D7A9F900C5BB82 /* HomeRepository.swift in Sources */ = {isa = PBXBuildFile; fileRef = 40805DE624D7A9F900C5BB82 /* HomeRepository.swift */; };
		40CAEADD24CE6E2E00037E4D /* AppNavigator.swift in Sources */ = {isa = PBXBuildFile; fileRef = 40CAEAD924CE6E2E00037E4D /* AppNavigator.swift */; };
		40CAEADE24CE6E2E00037E4D /* AppViewModel.swift in Sources */ = {isa = PBXBuildFile; fileRef = 40CAEADA24CE6E2E00037E4D /* AppViewModel.swift */; };
		40CAEADF24CE6E2E00037E4D /* AppUseCase.swift in Sources */ = {isa = PBXBuildFile; fileRef = 40CAEADB24CE6E2E00037E4D /* AppUseCase.swift */; };
		40D2167E24CE905E005310F3 /* Constants.swift in Sources */ = {isa = PBXBuildFile; fileRef = 40D2167D24CE905E005310F3 /* Constants.swift */; };
		40D2168624CE909D005310F3 /* UIFont+.swift in Sources */ = {isa = PBXBuildFile; fileRef = 40D2167F24CE909C005310F3 /* UIFont+.swift */; };
		40D2168724CE909D005310F3 /* Array+.swift in Sources */ = {isa = PBXBuildFile; fileRef = 40D2168024CE909C005310F3 /* Array+.swift */; };
		40D2168824CE909D005310F3 /* UIView+.swift in Sources */ = {isa = PBXBuildFile; fileRef = 40D2168124CE909C005310F3 /* UIView+.swift */; };
		40D2168924CE909D005310F3 /* MBSegmentControl+Rx.swift in Sources */ = {isa = PBXBuildFile; fileRef = 40D2168224CE909C005310F3 /* MBSegmentControl+Rx.swift */; };
		40D2168A24CE909D005310F3 /* UIViewController+Rx.swift in Sources */ = {isa = PBXBuildFile; fileRef = 40D2168324CE909C005310F3 /* UIViewController+Rx.swift */; };
		40D2168B24CE909D005310F3 /* UIViewController+.swift in Sources */ = {isa = PBXBuildFile; fileRef = 40D2168424CE909C005310F3 /* UIViewController+.swift */; };
		40D2168C24CE909D005310F3 /* String+.swift in Sources */ = {isa = PBXBuildFile; fileRef = 40D2168524CE909D005310F3 /* String+.swift */; };
		40D2168E24CE9AE2005310F3 /* AppNavigationController.swift in Sources */ = {isa = PBXBuildFile; fileRef = 40D2168D24CE9AE2005310F3 /* AppNavigationController.swift */; };
		40D2169024CEAE5B005310F3 /* Icon.swift in Sources */ = {isa = PBXBuildFile; fileRef = 40D2168F24CEAE5B005310F3 /* Icon.swift */; };
		40D216A224CEB276005310F3 /* FavoriteNavigator.swift in Sources */ = {isa = PBXBuildFile; fileRef = 40D2169424CEB276005310F3 /* FavoriteNavigator.swift */; };
		40D216A324CEB276005310F3 /* FavoriteViewController.swift in Sources */ = {isa = PBXBuildFile; fileRef = 40D2169524CEB276005310F3 /* FavoriteViewController.swift */; };
		40D216A424CEB276005310F3 /* FavoriteViewModel.swift in Sources */ = {isa = PBXBuildFile; fileRef = 40D2169624CEB276005310F3 /* FavoriteViewModel.swift */; };
		40D216A524CEB276005310F3 /* FavoriteUseCase.swift in Sources */ = {isa = PBXBuildFile; fileRef = 40D2169724CEB276005310F3 /* FavoriteUseCase.swift */; };
		40D216A624CEB276005310F3 /* HomeViewModel.swift in Sources */ = {isa = PBXBuildFile; fileRef = 40D2169924CEB276005310F3 /* HomeViewModel.swift */; };
		40D216A724CEB276005310F3 /* HomeUseCase.swift in Sources */ = {isa = PBXBuildFile; fileRef = 40D2169A24CEB276005310F3 /* HomeUseCase.swift */; };
		40D216A824CEB276005310F3 /* HomeViewController.swift in Sources */ = {isa = PBXBuildFile; fileRef = 40D2169B24CEB276005310F3 /* HomeViewController.swift */; };
		40D216A924CEB276005310F3 /* HomeNavigator.swift in Sources */ = {isa = PBXBuildFile; fileRef = 40D2169C24CEB276005310F3 /* HomeNavigator.swift */; };
		40D216AA24CEB276005310F3 /* ShoppingListNavigator.swift in Sources */ = {isa = PBXBuildFile; fileRef = 40D2169E24CEB276005310F3 /* ShoppingListNavigator.swift */; };
		40D216AB24CEB276005310F3 /* ShoppingListUseCase.swift in Sources */ = {isa = PBXBuildFile; fileRef = 40D2169F24CEB276005310F3 /* ShoppingListUseCase.swift */; };
		40D216AC24CEB276005310F3 /* ShoppingListViewModel.swift in Sources */ = {isa = PBXBuildFile; fileRef = 40D216A024CEB276005310F3 /* ShoppingListViewModel.swift */; };
		40D216AD24CEB276005310F3 /* ShoppingListViewController.swift in Sources */ = {isa = PBXBuildFile; fileRef = 40D216A124CEB276005310F3 /* ShoppingListViewController.swift */; };
		40D216AF24CEB41E005310F3 /* Home.storyboard in Resources */ = {isa = PBXBuildFile; fileRef = 40D216AE24CEB41E005310F3 /* Home.storyboard */; };
		40D216B224CEB45B005310F3 /* Favorite.storyboard in Resources */ = {isa = PBXBuildFile; fileRef = 40D216B024CEB45B005310F3 /* Favorite.storyboard */; };
		40D216B324CEB45B005310F3 /* ShoppingList.storyboard in Resources */ = {isa = PBXBuildFile; fileRef = 40D216B124CEB45B005310F3 /* ShoppingList.storyboard */; };
		40D216B524CEB4B3005310F3 /* StoryBoards.swift in Sources */ = {isa = PBXBuildFile; fileRef = 40D216B424CEB4B3005310F3 /* StoryBoards.swift */; };
		40EDDBB224CED8100091DDD2 /* RecipeInformation.swift in Sources */ = {isa = PBXBuildFile; fileRef = 40EDDBA524CED8100091DDD2 /* RecipeInformation.swift */; };
		40EDDBB324CED8100091DDD2 /* Metric.swift in Sources */ = {isa = PBXBuildFile; fileRef = 40EDDBA724CED8100091DDD2 /* Metric.swift */; };
		40EDDBB424CED8100091DDD2 /* Nutrient.swift in Sources */ = {isa = PBXBuildFile; fileRef = 40EDDBA824CED8100091DDD2 /* Nutrient.swift */; };
		40EDDBB524CED8100091DDD2 /* WinePairing.swift in Sources */ = {isa = PBXBuildFile; fileRef = 40EDDBA924CED8100091DDD2 /* WinePairing.swift */; };
		40EDDBB624CED8100091DDD2 /* CaloricBreakdown.swift in Sources */ = {isa = PBXBuildFile; fileRef = 40EDDBAA24CED8100091DDD2 /* CaloricBreakdown.swift */; };
		40EDDBB724CED8100091DDD2 /* AnalyzedInstruction.swift in Sources */ = {isa = PBXBuildFile; fileRef = 40EDDBAB24CED8100091DDD2 /* AnalyzedInstruction.swift */; };
		40EDDBB824CED8100091DDD2 /* Step.swift in Sources */ = {isa = PBXBuildFile; fileRef = 40EDDBAC24CED8100091DDD2 /* Step.swift */; };
		40EDDBB924CED8100091DDD2 /* Us.swift in Sources */ = {isa = PBXBuildFile; fileRef = 40EDDBAD24CED8100091DDD2 /* Us.swift */; };
		40EDDBBA24CED8100091DDD2 /* ExtendedIngredient.swift in Sources */ = {isa = PBXBuildFile; fileRef = 40EDDBAE24CED8100091DDD2 /* ExtendedIngredient.swift */; };
		40EDDBBB24CED8100091DDD2 /* Measure.swift in Sources */ = {isa = PBXBuildFile; fileRef = 40EDDBAF24CED8100091DDD2 /* Measure.swift */; };
		40EDDBBC24CED8100091DDD2 /* Ingredient.swift in Sources */ = {isa = PBXBuildFile; fileRef = 40EDDBB024CED8100091DDD2 /* Ingredient.swift */; };
		40EDDBBD24CED8100091DDD2 /* Nutrition.swift in Sources */ = {isa = PBXBuildFile; fileRef = 40EDDBB124CED8100091DDD2 /* Nutrition.swift */; };
		40EDDBBF24CED8310091DDD2 /* RecipeType.swift in Sources */ = {isa = PBXBuildFile; fileRef = 40EDDBBE24CED8310091DDD2 /* RecipeType.swift */; };
		40F535B424D7DC3900CE4657 /* FavoriteRecipe.swift in Sources */ = {isa = PBXBuildFile; fileRef = 40F535B324D7DC3900CE4657 /* FavoriteRecipe.swift */; };
		4315F19820DFCB53511832E1 /* Pods_Delicious_DeliciousUITests.framework in Frameworks */ = {isa = PBXBuildFile; fileRef = 370454AB369B584E902BB916 /* Pods_Delicious_DeliciousUITests.framework */; };
		B71780445A5181144008F29F /* Pods_Delicious.framework in Frameworks */ = {isa = PBXBuildFile; fileRef = 25D2E039C5EF491A0BD0C195 /* Pods_Delicious.framework */; };
		BF2EFBF4E7B4DC345B601629 /* Pods_DeliciousTests.framework in Frameworks */ = {isa = PBXBuildFile; fileRef = 5D4D1E2C5C69C7E01983B635 /* Pods_DeliciousTests.framework */; };
/* End PBXBuildFile section */

/* Begin PBXContainerItemProxy section */
		404CC63724CE645500686B99 /* PBXContainerItemProxy */ = {
			isa = PBXContainerItemProxy;
			containerPortal = 404CC61524CE645200686B99 /* Project object */;
			proxyType = 1;
			remoteGlobalIDString = 404CC61C24CE645200686B99;
			remoteInfo = Delicious;
		};
		404CC64224CE645500686B99 /* PBXContainerItemProxy */ = {
			isa = PBXContainerItemProxy;
			containerPortal = 404CC61524CE645200686B99 /* Project object */;
			proxyType = 1;
			remoteGlobalIDString = 404CC61C24CE645200686B99;
			remoteInfo = Delicious;
		};
/* End PBXContainerItemProxy section */

/* Begin PBXFileReference section */
		0ABBB3369F1F383A0CF80815 /* Pods-Delicious.release.xcconfig */ = {isa = PBXFileReference; includeInIndex = 1; lastKnownFileType = text.xcconfig; name = "Pods-Delicious.release.xcconfig"; path = "Target Support Files/Pods-Delicious/Pods-Delicious.release.xcconfig"; sourceTree = "<group>"; };
		25D2E039C5EF491A0BD0C195 /* Pods_Delicious.framework */ = {isa = PBXFileReference; explicitFileType = wrapper.framework; includeInIndex = 0; path = Pods_Delicious.framework; sourceTree = BUILT_PRODUCTS_DIR; };
		370454AB369B584E902BB916 /* Pods_Delicious_DeliciousUITests.framework */ = {isa = PBXFileReference; explicitFileType = wrapper.framework; includeInIndex = 0; path = Pods_Delicious_DeliciousUITests.framework; sourceTree = BUILT_PRODUCTS_DIR; };
		4003875424D11132008CD83F /* FeaturedTBCell.xib */ = {isa = PBXFileReference; fileEncoding = 4; lastKnownFileType = file.xib; path = FeaturedTBCell.xib; sourceTree = "<group>"; };
		4003875524D11132008CD83F /* RecipeTBCell.swift */ = {isa = PBXFileReference; fileEncoding = 4; lastKnownFileType = sourcecode.swift; path = RecipeTBCell.swift; sourceTree = "<group>"; };
		4003875624D11132008CD83F /* FeaturedTBCell.swift */ = {isa = PBXFileReference; fileEncoding = 4; lastKnownFileType = sourcecode.swift; path = FeaturedTBCell.swift; sourceTree = "<group>"; };
		4003875724D11132008CD83F /* HomeTableHeaderView.xib */ = {isa = PBXFileReference; fileEncoding = 4; lastKnownFileType = file.xib; path = HomeTableHeaderView.xib; sourceTree = "<group>"; };
		4003875824D11132008CD83F /* HomeTableHeaderView.swift */ = {isa = PBXFileReference; fileEncoding = 4; lastKnownFileType = sourcecode.swift; path = HomeTableHeaderView.swift; sourceTree = "<group>"; };
		4003875924D11132008CD83F /* RecipeTBCell.xib */ = {isa = PBXFileReference; fileEncoding = 4; lastKnownFileType = file.xib; path = RecipeTBCell.xib; sourceTree = "<group>"; };
		4003875B24D11132008CD83F /* FeaturedCLCell.xib */ = {isa = PBXFileReference; fileEncoding = 4; lastKnownFileType = file.xib; path = FeaturedCLCell.xib; sourceTree = "<group>"; };
		4003875C24D11132008CD83F /* FeaturedCLCell.swift */ = {isa = PBXFileReference; fileEncoding = 4; lastKnownFileType = sourcecode.swift; path = FeaturedCLCell.swift; sourceTree = "<group>"; };
		4003876524D11138008CD83F /* HomeDataSource.swift */ = {isa = PBXFileReference; fileEncoding = 4; lastKnownFileType = sourcecode.swift; path = HomeDataSource.swift; sourceTree = "<group>"; };
		4003876724D11254008CD83F /* Helpers.swift */ = {isa = PBXFileReference; fileEncoding = 4; lastKnownFileType = sourcecode.swift; path = Helpers.swift; sourceTree = "<group>"; };
		40308EC224D2778D0026A3B3 /* Number+.swift */ = {isa = PBXFileReference; lastKnownFileType = sourcecode.swift; path = "Number+.swift"; sourceTree = "<group>"; };
		40358B1324D8003C00D7E8DE /* HeaderTableView.swift */ = {isa = PBXFileReference; fileEncoding = 4; lastKnownFileType = sourcecode.swift; path = HeaderTableView.swift; sourceTree = "<group>"; };
		40358B1424D8003D00D7E8DE /* RefreshControl.swift */ = {isa = PBXFileReference; fileEncoding = 4; lastKnownFileType = sourcecode.swift; path = RefreshControl.swift; sourceTree = "<group>"; };
		40358B1824D8008000D7E8DE /* IngredientTBCell.xib */ = {isa = PBXFileReference; fileEncoding = 4; lastKnownFileType = file.xib; path = IngredientTBCell.xib; sourceTree = "<group>"; };
		40358B1A24D8008000D7E8DE /* RecipeHeaderView.swift */ = {isa = PBXFileReference; fileEncoding = 4; lastKnownFileType = sourcecode.swift; path = RecipeHeaderView.swift; sourceTree = "<group>"; };
		40358B1D24D8008100D7E8DE /* NutritionTBCell.swift */ = {isa = PBXFileReference; fileEncoding = 4; lastKnownFileType = sourcecode.swift; path = NutritionTBCell.swift; sourceTree = "<group>"; };
		40358B1E24D8008100D7E8DE /* IngredientTBCell.swift */ = {isa = PBXFileReference; fileEncoding = 4; lastKnownFileType = sourcecode.swift; path = IngredientTBCell.swift; sourceTree = "<group>"; };
		40358B1F24D8008100D7E8DE /* RecipeHeaderView.xib */ = {isa = PBXFileReference; fileEncoding = 4; lastKnownFileType = file.xib; path = RecipeHeaderView.xib; sourceTree = "<group>"; };
		40358B2124D8008100D7E8DE /* NutritionTBCell.xib */ = {isa = PBXFileReference; fileEncoding = 4; lastKnownFileType = file.xib; path = NutritionTBCell.xib; sourceTree = "<group>"; };
		40358B2224D8008100D7E8DE /* StepTBCell.swift */ = {isa = PBXFileReference; fileEncoding = 4; lastKnownFileType = sourcecode.swift; path = StepTBCell.swift; sourceTree = "<group>"; };
		40358B2324D8008100D7E8DE /* StepTBCell.xib */ = {isa = PBXFileReference; fileEncoding = 4; lastKnownFileType = file.xib; path = StepTBCell.xib; sourceTree = "<group>"; };
		4045027A24D9063E00D0B1B0 /* ShoppingList.swift */ = {isa = PBXFileReference; fileEncoding = 4; lastKnownFileType = sourcecode.swift; path = ShoppingList.swift; sourceTree = "<group>"; };
		4045027B24D9063E00D0B1B0 /* ShortIngredient.swift */ = {isa = PBXFileReference; fileEncoding = 4; lastKnownFileType = sourcecode.swift; path = ShortIngredient.swift; sourceTree = "<group>"; };
		4045028024D9075100D0B1B0 /* ShoppingListTBCell.swift */ = {isa = PBXFileReference; fileEncoding = 4; lastKnownFileType = sourcecode.swift; path = ShoppingListTBCell.swift; sourceTree = "<group>"; };
		4045028124D9075100D0B1B0 /* ShoppingListHeaderView.swift */ = {isa = PBXFileReference; fileEncoding = 4; lastKnownFileType = sourcecode.swift; path = ShoppingListHeaderView.swift; sourceTree = "<group>"; };
		4045028224D9075100D0B1B0 /* ShoppingListHeaderView.xib */ = {isa = PBXFileReference; fileEncoding = 4; lastKnownFileType = file.xib; path = ShoppingListHeaderView.xib; sourceTree = "<group>"; };
		4045028324D9075100D0B1B0 /* ShoppingListTBCell.xib */ = {isa = PBXFileReference; fileEncoding = 4; lastKnownFileType = file.xib; path = ShoppingListTBCell.xib; sourceTree = "<group>"; };
		4045028824D92FDF00D0B1B0 /* MagicalRecord+Rx.swift */ = {isa = PBXFileReference; fileEncoding = 4; lastKnownFileType = sourcecode.swift; path = "MagicalRecord+Rx.swift"; sourceTree = "<group>"; };
		4045028A24D92FEA00D0B1B0 /* CoreDataRepository.swift */ = {isa = PBXFileReference; fileEncoding = 4; lastKnownFileType = sourcecode.swift; path = CoreDataRepository.swift; sourceTree = "<group>"; };
		4045028C24D9304D00D0B1B0 /* CoreDataError.swift */ = {isa = PBXFileReference; fileEncoding = 4; lastKnownFileType = sourcecode.swift; path = CoreDataError.swift; sourceTree = "<group>"; };
		4045028E24D9359C00D0B1B0 /* ShopingListRepository.swift */ = {isa = PBXFileReference; fileEncoding = 4; lastKnownFileType = sourcecode.swift; path = ShopingListRepository.swift; sourceTree = "<group>"; };
		4045029024D9367200D0B1B0 /* NSShortIngredient.swift */ = {isa = PBXFileReference; fileEncoding = 4; lastKnownFileType = sourcecode.swift; path = NSShortIngredient.swift; sourceTree = "<group>"; };
		4048B87424D382DF001D795C /* RecipeInfoViewController.swift */ = {isa = PBXFileReference; fileEncoding = 4; lastKnownFileType = sourcecode.swift; path = RecipeInfoViewController.swift; sourceTree = "<group>"; };
		4048B87524D382DF001D795C /* RecipeInfoNavigator.swift */ = {isa = PBXFileReference; fileEncoding = 4; lastKnownFileType = sourcecode.swift; path = RecipeInfoNavigator.swift; sourceTree = "<group>"; };
		4048B87624D382DF001D795C /* RecipeInfoUseCase.swift */ = {isa = PBXFileReference; fileEncoding = 4; lastKnownFileType = sourcecode.swift; path = RecipeInfoUseCase.swift; sourceTree = "<group>"; };
		4048B87724D382DF001D795C /* RecipeInfoViewModel.swift */ = {isa = PBXFileReference; fileEncoding = 4; lastKnownFileType = sourcecode.swift; path = RecipeInfoViewModel.swift; sourceTree = "<group>"; };
		4048B87924D382DF001D795C /* SearchViewController.swift */ = {isa = PBXFileReference; fileEncoding = 4; lastKnownFileType = sourcecode.swift; path = SearchViewController.swift; sourceTree = "<group>"; };
		4048B87A24D382DF001D795C /* SearchUseCase.swift */ = {isa = PBXFileReference; fileEncoding = 4; lastKnownFileType = sourcecode.swift; path = SearchUseCase.swift; sourceTree = "<group>"; };
		4048B87B24D382DF001D795C /* SearchViewModel.swift */ = {isa = PBXFileReference; fileEncoding = 4; lastKnownFileType = sourcecode.swift; path = SearchViewModel.swift; sourceTree = "<group>"; };
		4048B87C24D382DF001D795C /* SearchNavigator.swift */ = {isa = PBXFileReference; fileEncoding = 4; lastKnownFileType = sourcecode.swift; path = SearchNavigator.swift; sourceTree = "<group>"; };
		4048B88524D38314001D795C /* RecipeInfo.storyboard */ = {isa = PBXFileReference; lastKnownFileType = file.storyboard; path = RecipeInfo.storyboard; sourceTree = "<group>"; };
		4048B88724D38325001D795C /* Search.storyboard */ = {isa = PBXFileReference; lastKnownFileType = file.storyboard; path = Search.storyboard; sourceTree = "<group>"; };
		4048B88A24D38797001D795C /* EmptyView.xib */ = {isa = PBXFileReference; fileEncoding = 4; lastKnownFileType = file.xib; path = EmptyView.xib; sourceTree = "<group>"; };
		4048B88B24D38797001D795C /* EmptyView.swift */ = {isa = PBXFileReference; fileEncoding = 4; lastKnownFileType = sourcecode.swift; path = EmptyView.swift; sourceTree = "<group>"; };
		4048B88E24D38830001D795C /* UITableView+Rx.swift */ = {isa = PBXFileReference; fileEncoding = 4; lastKnownFileType = sourcecode.swift; path = "UITableView+Rx.swift"; sourceTree = "<group>"; };
		404CC61D24CE645200686B99 /* Delicious.app */ = {isa = PBXFileReference; explicitFileType = wrapper.application; includeInIndex = 0; path = Delicious.app; sourceTree = BUILT_PRODUCTS_DIR; };
		404CC62024CE645200686B99 /* AppDelegate.swift */ = {isa = PBXFileReference; lastKnownFileType = sourcecode.swift; path = AppDelegate.swift; sourceTree = "<group>"; };
		404CC62224CE645200686B99 /* SceneDelegate.swift */ = {isa = PBXFileReference; lastKnownFileType = sourcecode.swift; path = SceneDelegate.swift; sourceTree = "<group>"; };
		404CC62724CE645200686B99 /* Base */ = {isa = PBXFileReference; lastKnownFileType = file.storyboard; name = Base; path = Base.lproj/Main.storyboard; sourceTree = "<group>"; };
		404CC62A24CE645200686B99 /* Delicious.xcdatamodel */ = {isa = PBXFileReference; lastKnownFileType = wrapper.xcdatamodel; path = Delicious.xcdatamodel; sourceTree = "<group>"; };
		404CC62C24CE645500686B99 /* Assets.xcassets */ = {isa = PBXFileReference; lastKnownFileType = folder.assetcatalog; path = Assets.xcassets; sourceTree = "<group>"; };
		404CC62F24CE645500686B99 /* Base */ = {isa = PBXFileReference; lastKnownFileType = file.storyboard; name = Base; path = Base.lproj/LaunchScreen.storyboard; sourceTree = "<group>"; };
		404CC63124CE645500686B99 /* Info.plist */ = {isa = PBXFileReference; lastKnownFileType = text.plist.xml; path = Info.plist; sourceTree = "<group>"; };
		404CC63624CE645500686B99 /* DeliciousTests.xctest */ = {isa = PBXFileReference; explicitFileType = wrapper.cfbundle; includeInIndex = 0; path = DeliciousTests.xctest; sourceTree = BUILT_PRODUCTS_DIR; };
		404CC63A24CE645500686B99 /* DeliciousTests.swift */ = {isa = PBXFileReference; lastKnownFileType = sourcecode.swift; path = DeliciousTests.swift; sourceTree = "<group>"; };
		404CC63C24CE645500686B99 /* Info.plist */ = {isa = PBXFileReference; lastKnownFileType = text.plist.xml; path = Info.plist; sourceTree = "<group>"; };
		404CC64124CE645500686B99 /* DeliciousUITests.xctest */ = {isa = PBXFileReference; explicitFileType = wrapper.cfbundle; includeInIndex = 0; path = DeliciousUITests.xctest; sourceTree = BUILT_PRODUCTS_DIR; };
		404CC64524CE645500686B99 /* DeliciousUITests.swift */ = {isa = PBXFileReference; lastKnownFileType = sourcecode.swift; path = DeliciousUITests.swift; sourceTree = "<group>"; };
		404CC64724CE645500686B99 /* Info.plist */ = {isa = PBXFileReference; lastKnownFileType = text.plist.xml; path = Info.plist; sourceTree = "<group>"; };
		404CC65D24CE677500686B99 /* Bridging-Header.h */ = {isa = PBXFileReference; fileEncoding = 4; lastKnownFileType = sourcecode.c.h; path = "Bridging-Header.h"; sourceTree = "<group>"; };
		407DED8A24CECBC500B30B5A /* APIServices.swift */ = {isa = PBXFileReference; fileEncoding = 4; lastKnownFileType = sourcecode.swift; path = APIServices.swift; sourceTree = "<group>"; };
		407DED9124CECBC500B30B5A /* BaseRequest.swift */ = {isa = PBXFileReference; fileEncoding = 4; lastKnownFileType = sourcecode.swift; path = BaseRequest.swift; sourceTree = "<group>"; };
		407DED9724CECBC500B30B5A /* ErrorResponse.swift */ = {isa = PBXFileReference; fileEncoding = 4; lastKnownFileType = sourcecode.swift; path = ErrorResponse.swift; sourceTree = "<group>"; };
		407DED9824CECBC500B30B5A /* BaseError.swift */ = {isa = PBXFileReference; fileEncoding = 4; lastKnownFileType = sourcecode.swift; path = BaseError.swift; sourceTree = "<group>"; };
		407DED9924CECBC500B30B5A /* HTTPStatusCode.swift */ = {isa = PBXFileReference; fileEncoding = 4; lastKnownFileType = sourcecode.swift; path = HTTPStatusCode.swift; sourceTree = "<group>"; };
		407DEDA624CECC5300B30B5A /* CustomRequestAdapter.swift */ = {isa = PBXFileReference; fileEncoding = 4; lastKnownFileType = sourcecode.swift; path = CustomRequestAdapter.swift; sourceTree = "<group>"; };
		407DEDA824CECC6300B30B5A /* APIKey.swift */ = {isa = PBXFileReference; fileEncoding = 4; lastKnownFileType = sourcecode.swift; path = APIKey.swift; sourceTree = "<group>"; };
		40805DDF24D7A9BB00C5BB82 /* HomeResponse.swift */ = {isa = PBXFileReference; fileEncoding = 4; lastKnownFileType = sourcecode.swift; path = HomeResponse.swift; sourceTree = "<group>"; };
		40805DE124D7A9C100C5BB82 /* HomeRequest.swift */ = {isa = PBXFileReference; fileEncoding = 4; lastKnownFileType = sourcecode.swift; path = HomeRequest.swift; sourceTree = "<group>"; };
		40805DE324D7A9D000C5BB82 /* URLs.swift */ = {isa = PBXFileReference; fileEncoding = 4; lastKnownFileType = sourcecode.swift; path = URLs.swift; sourceTree = "<group>"; };
		40805DE624D7A9F900C5BB82 /* HomeRepository.swift */ = {isa = PBXFileReference; fileEncoding = 4; lastKnownFileType = sourcecode.swift; path = HomeRepository.swift; sourceTree = "<group>"; };
		40CAEAD924CE6E2E00037E4D /* AppNavigator.swift */ = {isa = PBXFileReference; fileEncoding = 4; lastKnownFileType = sourcecode.swift; path = AppNavigator.swift; sourceTree = "<group>"; };
		40CAEADA24CE6E2E00037E4D /* AppViewModel.swift */ = {isa = PBXFileReference; fileEncoding = 4; lastKnownFileType = sourcecode.swift; path = AppViewModel.swift; sourceTree = "<group>"; };
		40CAEADB24CE6E2E00037E4D /* AppUseCase.swift */ = {isa = PBXFileReference; fileEncoding = 4; lastKnownFileType = sourcecode.swift; path = AppUseCase.swift; sourceTree = "<group>"; };
		40D2167D24CE905E005310F3 /* Constants.swift */ = {isa = PBXFileReference; fileEncoding = 4; lastKnownFileType = sourcecode.swift; path = Constants.swift; sourceTree = "<group>"; };
		40D2167F24CE909C005310F3 /* UIFont+.swift */ = {isa = PBXFileReference; fileEncoding = 4; lastKnownFileType = sourcecode.swift; path = "UIFont+.swift"; sourceTree = "<group>"; };
		40D2168024CE909C005310F3 /* Array+.swift */ = {isa = PBXFileReference; fileEncoding = 4; lastKnownFileType = sourcecode.swift; path = "Array+.swift"; sourceTree = "<group>"; };
		40D2168124CE909C005310F3 /* UIView+.swift */ = {isa = PBXFileReference; fileEncoding = 4; lastKnownFileType = sourcecode.swift; path = "UIView+.swift"; sourceTree = "<group>"; };
		40D2168224CE909C005310F3 /* MBSegmentControl+Rx.swift */ = {isa = PBXFileReference; fileEncoding = 4; lastKnownFileType = sourcecode.swift; path = "MBSegmentControl+Rx.swift"; sourceTree = "<group>"; };
		40D2168324CE909C005310F3 /* UIViewController+Rx.swift */ = {isa = PBXFileReference; fileEncoding = 4; lastKnownFileType = sourcecode.swift; path = "UIViewController+Rx.swift"; sourceTree = "<group>"; };
		40D2168424CE909C005310F3 /* UIViewController+.swift */ = {isa = PBXFileReference; fileEncoding = 4; lastKnownFileType = sourcecode.swift; path = "UIViewController+.swift"; sourceTree = "<group>"; };
		40D2168524CE909D005310F3 /* String+.swift */ = {isa = PBXFileReference; fileEncoding = 4; lastKnownFileType = sourcecode.swift; path = "String+.swift"; sourceTree = "<group>"; };
		40D2168D24CE9AE2005310F3 /* AppNavigationController.swift */ = {isa = PBXFileReference; fileEncoding = 4; lastKnownFileType = sourcecode.swift; path = AppNavigationController.swift; sourceTree = "<group>"; };
		40D2168F24CEAE5B005310F3 /* Icon.swift */ = {isa = PBXFileReference; lastKnownFileType = sourcecode.swift; path = Icon.swift; sourceTree = "<group>"; };
		40D2169424CEB276005310F3 /* FavoriteNavigator.swift */ = {isa = PBXFileReference; fileEncoding = 4; lastKnownFileType = sourcecode.swift; path = FavoriteNavigator.swift; sourceTree = "<group>"; };
		40D2169524CEB276005310F3 /* FavoriteViewController.swift */ = {isa = PBXFileReference; fileEncoding = 4; lastKnownFileType = sourcecode.swift; path = FavoriteViewController.swift; sourceTree = "<group>"; };
		40D2169624CEB276005310F3 /* FavoriteViewModel.swift */ = {isa = PBXFileReference; fileEncoding = 4; lastKnownFileType = sourcecode.swift; path = FavoriteViewModel.swift; sourceTree = "<group>"; };
		40D2169724CEB276005310F3 /* FavoriteUseCase.swift */ = {isa = PBXFileReference; fileEncoding = 4; lastKnownFileType = sourcecode.swift; path = FavoriteUseCase.swift; sourceTree = "<group>"; };
		40D2169924CEB276005310F3 /* HomeViewModel.swift */ = {isa = PBXFileReference; fileEncoding = 4; lastKnownFileType = sourcecode.swift; path = HomeViewModel.swift; sourceTree = "<group>"; };
		40D2169A24CEB276005310F3 /* HomeUseCase.swift */ = {isa = PBXFileReference; fileEncoding = 4; lastKnownFileType = sourcecode.swift; path = HomeUseCase.swift; sourceTree = "<group>"; };
		40D2169B24CEB276005310F3 /* HomeViewController.swift */ = {isa = PBXFileReference; fileEncoding = 4; lastKnownFileType = sourcecode.swift; path = HomeViewController.swift; sourceTree = "<group>"; };
		40D2169C24CEB276005310F3 /* HomeNavigator.swift */ = {isa = PBXFileReference; fileEncoding = 4; lastKnownFileType = sourcecode.swift; path = HomeNavigator.swift; sourceTree = "<group>"; };
		40D2169E24CEB276005310F3 /* ShoppingListNavigator.swift */ = {isa = PBXFileReference; fileEncoding = 4; lastKnownFileType = sourcecode.swift; path = ShoppingListNavigator.swift; sourceTree = "<group>"; };
		40D2169F24CEB276005310F3 /* ShoppingListUseCase.swift */ = {isa = PBXFileReference; fileEncoding = 4; lastKnownFileType = sourcecode.swift; path = ShoppingListUseCase.swift; sourceTree = "<group>"; };
		40D216A024CEB276005310F3 /* ShoppingListViewModel.swift */ = {isa = PBXFileReference; fileEncoding = 4; lastKnownFileType = sourcecode.swift; path = ShoppingListViewModel.swift; sourceTree = "<group>"; };
		40D216A124CEB276005310F3 /* ShoppingListViewController.swift */ = {isa = PBXFileReference; fileEncoding = 4; lastKnownFileType = sourcecode.swift; path = ShoppingListViewController.swift; sourceTree = "<group>"; };
		40D216AE24CEB41E005310F3 /* Home.storyboard */ = {isa = PBXFileReference; lastKnownFileType = file.storyboard; path = Home.storyboard; sourceTree = "<group>"; };
		40D216B024CEB45B005310F3 /* Favorite.storyboard */ = {isa = PBXFileReference; fileEncoding = 4; lastKnownFileType = file.storyboard; path = Favorite.storyboard; sourceTree = "<group>"; };
		40D216B124CEB45B005310F3 /* ShoppingList.storyboard */ = {isa = PBXFileReference; fileEncoding = 4; lastKnownFileType = file.storyboard; path = ShoppingList.storyboard; sourceTree = "<group>"; };
		40D216B424CEB4B3005310F3 /* StoryBoards.swift */ = {isa = PBXFileReference; fileEncoding = 4; lastKnownFileType = sourcecode.swift; path = StoryBoards.swift; sourceTree = "<group>"; };
		40EDDBA524CED8100091DDD2 /* RecipeInformation.swift */ = {isa = PBXFileReference; fileEncoding = 4; lastKnownFileType = sourcecode.swift; path = RecipeInformation.swift; sourceTree = "<group>"; };
		40EDDBA724CED8100091DDD2 /* Metric.swift */ = {isa = PBXFileReference; fileEncoding = 4; lastKnownFileType = sourcecode.swift; path = Metric.swift; sourceTree = "<group>"; };
		40EDDBA824CED8100091DDD2 /* Nutrient.swift */ = {isa = PBXFileReference; fileEncoding = 4; lastKnownFileType = sourcecode.swift; path = Nutrient.swift; sourceTree = "<group>"; };
		40EDDBA924CED8100091DDD2 /* WinePairing.swift */ = {isa = PBXFileReference; fileEncoding = 4; lastKnownFileType = sourcecode.swift; path = WinePairing.swift; sourceTree = "<group>"; };
		40EDDBAA24CED8100091DDD2 /* CaloricBreakdown.swift */ = {isa = PBXFileReference; fileEncoding = 4; lastKnownFileType = sourcecode.swift; path = CaloricBreakdown.swift; sourceTree = "<group>"; };
		40EDDBAB24CED8100091DDD2 /* AnalyzedInstruction.swift */ = {isa = PBXFileReference; fileEncoding = 4; lastKnownFileType = sourcecode.swift; path = AnalyzedInstruction.swift; sourceTree = "<group>"; };
		40EDDBAC24CED8100091DDD2 /* Step.swift */ = {isa = PBXFileReference; fileEncoding = 4; lastKnownFileType = sourcecode.swift; path = Step.swift; sourceTree = "<group>"; };
		40EDDBAD24CED8100091DDD2 /* Us.swift */ = {isa = PBXFileReference; fileEncoding = 4; lastKnownFileType = sourcecode.swift; path = Us.swift; sourceTree = "<group>"; };
		40EDDBAE24CED8100091DDD2 /* ExtendedIngredient.swift */ = {isa = PBXFileReference; fileEncoding = 4; lastKnownFileType = sourcecode.swift; path = ExtendedIngredient.swift; sourceTree = "<group>"; };
		40EDDBAF24CED8100091DDD2 /* Measure.swift */ = {isa = PBXFileReference; fileEncoding = 4; lastKnownFileType = sourcecode.swift; path = Measure.swift; sourceTree = "<group>"; };
		40EDDBB024CED8100091DDD2 /* Ingredient.swift */ = {isa = PBXFileReference; fileEncoding = 4; lastKnownFileType = sourcecode.swift; path = Ingredient.swift; sourceTree = "<group>"; };
		40EDDBB124CED8100091DDD2 /* Nutrition.swift */ = {isa = PBXFileReference; fileEncoding = 4; lastKnownFileType = sourcecode.swift; path = Nutrition.swift; sourceTree = "<group>"; };
		40EDDBBE24CED8310091DDD2 /* RecipeType.swift */ = {isa = PBXFileReference; lastKnownFileType = sourcecode.swift; path = RecipeType.swift; sourceTree = "<group>"; };
		40F535B324D7DC3900CE4657 /* FavoriteRecipe.swift */ = {isa = PBXFileReference; fileEncoding = 4; lastKnownFileType = sourcecode.swift; path = FavoriteRecipe.swift; sourceTree = "<group>"; };
		421C78504683F16252932011 /* Pods-Delicious-DeliciousUITests.debug.xcconfig */ = {isa = PBXFileReference; includeInIndex = 1; lastKnownFileType = text.xcconfig; name = "Pods-Delicious-DeliciousUITests.debug.xcconfig"; path = "Target Support Files/Pods-Delicious-DeliciousUITests/Pods-Delicious-DeliciousUITests.debug.xcconfig"; sourceTree = "<group>"; };
		5206E7A8842697EC0D43E8F9 /* Pods-Delicious.debug.xcconfig */ = {isa = PBXFileReference; includeInIndex = 1; lastKnownFileType = text.xcconfig; name = "Pods-Delicious.debug.xcconfig"; path = "Target Support Files/Pods-Delicious/Pods-Delicious.debug.xcconfig"; sourceTree = "<group>"; };
		5D4D1E2C5C69C7E01983B635 /* Pods_DeliciousTests.framework */ = {isa = PBXFileReference; explicitFileType = wrapper.framework; includeInIndex = 0; path = Pods_DeliciousTests.framework; sourceTree = BUILT_PRODUCTS_DIR; };
		6186E806125F62F98259F826 /* Pods-Delicious-DeliciousUITests.release.xcconfig */ = {isa = PBXFileReference; includeInIndex = 1; lastKnownFileType = text.xcconfig; name = "Pods-Delicious-DeliciousUITests.release.xcconfig"; path = "Target Support Files/Pods-Delicious-DeliciousUITests/Pods-Delicious-DeliciousUITests.release.xcconfig"; sourceTree = "<group>"; };
		821BE7FEF4056136F0E39638 /* Pods-DeliciousTests.debug.xcconfig */ = {isa = PBXFileReference; includeInIndex = 1; lastKnownFileType = text.xcconfig; name = "Pods-DeliciousTests.debug.xcconfig"; path = "Target Support Files/Pods-DeliciousTests/Pods-DeliciousTests.debug.xcconfig"; sourceTree = "<group>"; };
		E6BD8DC2D174B03ABCD660AA /* Pods-DeliciousTests.release.xcconfig */ = {isa = PBXFileReference; includeInIndex = 1; lastKnownFileType = text.xcconfig; name = "Pods-DeliciousTests.release.xcconfig"; path = "Target Support Files/Pods-DeliciousTests/Pods-DeliciousTests.release.xcconfig"; sourceTree = "<group>"; };
/* End PBXFileReference section */

/* Begin PBXFrameworksBuildPhase section */
		404CC61A24CE645200686B99 /* Frameworks */ = {
			isa = PBXFrameworksBuildPhase;
			buildActionMask = 2147483647;
			files = (
				B71780445A5181144008F29F /* Pods_Delicious.framework in Frameworks */,
			);
			runOnlyForDeploymentPostprocessing = 0;
		};
		404CC63324CE645500686B99 /* Frameworks */ = {
			isa = PBXFrameworksBuildPhase;
			buildActionMask = 2147483647;
			files = (
				BF2EFBF4E7B4DC345B601629 /* Pods_DeliciousTests.framework in Frameworks */,
			);
			runOnlyForDeploymentPostprocessing = 0;
		};
		404CC63E24CE645500686B99 /* Frameworks */ = {
			isa = PBXFrameworksBuildPhase;
			buildActionMask = 2147483647;
			files = (
				4315F19820DFCB53511832E1 /* Pods_Delicious_DeliciousUITests.framework in Frameworks */,
			);
			runOnlyForDeploymentPostprocessing = 0;
		};
/* End PBXFrameworksBuildPhase section */

/* Begin PBXGroup section */
		4003875224D11132008CD83F /* Cell */ = {
			isa = PBXGroup;
			children = (
				4003875324D11132008CD83F /* TableView */,
				4003875A24D11132008CD83F /* CollectionView */,
			);
			path = Cell;
			sourceTree = "<group>";
		};
		4003875324D11132008CD83F /* TableView */ = {
			isa = PBXGroup;
			children = (
				4003875424D11132008CD83F /* FeaturedTBCell.xib */,
				4003875524D11132008CD83F /* RecipeTBCell.swift */,
				4003875624D11132008CD83F /* FeaturedTBCell.swift */,
				4003875724D11132008CD83F /* HomeTableHeaderView.xib */,
				4003875824D11132008CD83F /* HomeTableHeaderView.swift */,
				4003875924D11132008CD83F /* RecipeTBCell.xib */,
			);
			path = TableView;
			sourceTree = "<group>";
		};
		4003875A24D11132008CD83F /* CollectionView */ = {
			isa = PBXGroup;
			children = (
				4003875B24D11132008CD83F /* FeaturedCLCell.xib */,
				4003875C24D11132008CD83F /* FeaturedCLCell.swift */,
			);
			path = CollectionView;
			sourceTree = "<group>";
		};
		40358B1724D8008000D7E8DE /* Cell */ = {
			isa = PBXGroup;
			children = (
				40358B1824D8008000D7E8DE /* IngredientTBCell.xib */,
				40358B1E24D8008100D7E8DE /* IngredientTBCell.swift */,
				40358B2124D8008100D7E8DE /* NutritionTBCell.xib */,
				40358B1D24D8008100D7E8DE /* NutritionTBCell.swift */,
				40358B2324D8008100D7E8DE /* StepTBCell.xib */,
				40358B2224D8008100D7E8DE /* StepTBCell.swift */,
			);
			path = Cell;
			sourceTree = "<group>";
		};
		40358B3024D8010200D7E8DE /* View */ = {
			isa = PBXGroup;
			children = (
				40358B1F24D8008100D7E8DE /* RecipeHeaderView.xib */,
				40358B1A24D8008000D7E8DE /* RecipeHeaderView.swift */,
			);
			path = View;
			sourceTree = "<group>";
		};
		4045027824D9063E00D0B1B0 /* Shopping List */ = {
			isa = PBXGroup;
			children = (
				4045027A24D9063E00D0B1B0 /* ShoppingList.swift */,
				4045027B24D9063E00D0B1B0 /* ShortIngredient.swift */,
				4045029024D9367200D0B1B0 /* NSShortIngredient.swift */,
			);
			path = "Shopping List";
			sourceTree = "<group>";
		};
		4045027F24D9075100D0B1B0 /* Cell */ = {
			isa = PBXGroup;
			children = (
				4045028024D9075100D0B1B0 /* ShoppingListTBCell.swift */,
				4045028124D9075100D0B1B0 /* ShoppingListHeaderView.swift */,
				4045028224D9075100D0B1B0 /* ShoppingListHeaderView.xib */,
				4045028324D9075100D0B1B0 /* ShoppingListTBCell.xib */,
			);
			path = Cell;
			sourceTree = "<group>";
		};
		4048B87324D382DF001D795C /* RecipeInfo */ = {
			isa = PBXGroup;
			children = (
				40358B3024D8010200D7E8DE /* View */,
				40358B1724D8008000D7E8DE /* Cell */,
				4048B87524D382DF001D795C /* RecipeInfoNavigator.swift */,
				4048B87624D382DF001D795C /* RecipeInfoUseCase.swift */,
				4048B87424D382DF001D795C /* RecipeInfoViewController.swift */,
				4048B87724D382DF001D795C /* RecipeInfoViewModel.swift */,
			);
			path = RecipeInfo;
			sourceTree = "<group>";
		};
		4048B87824D382DF001D795C /* Search */ = {
			isa = PBXGroup;
			children = (
				4048B87C24D382DF001D795C /* SearchNavigator.swift */,
				4048B87A24D382DF001D795C /* SearchUseCase.swift */,
				4048B87924D382DF001D795C /* SearchViewController.swift */,
				4048B87B24D382DF001D795C /* SearchViewModel.swift */,
			);
			path = Search;
			sourceTree = "<group>";
		};
		4048B88924D38797001D795C /* UI */ = {
			isa = PBXGroup;
			children = (
				4048B88A24D38797001D795C /* EmptyView.xib */,
				4048B88B24D38797001D795C /* EmptyView.swift */,
			);
			path = UI;
			sourceTree = "<group>";
		};
		404CC61424CE645200686B99 = {
			isa = PBXGroup;
			children = (
				404CC61F24CE645200686B99 /* Delicious */,
				404CC63924CE645500686B99 /* DeliciousTests */,
				404CC64424CE645500686B99 /* DeliciousUITests */,
				404CC61E24CE645200686B99 /* Products */,
				EE4DA0AEE18B9257B60CBF10 /* Pods */,
				651AD9EE4559657B8008546D /* Frameworks */,
			);
			sourceTree = "<group>";
		};
		404CC61E24CE645200686B99 /* Products */ = {
			isa = PBXGroup;
			children = (
				404CC61D24CE645200686B99 /* Delicious.app */,
				404CC63624CE645500686B99 /* DeliciousTests.xctest */,
				404CC64124CE645500686B99 /* DeliciousUITests.xctest */,
			);
			name = Products;
			sourceTree = "<group>";
		};
		404CC61F24CE645200686B99 /* Delicious */ = {
			isa = PBXGroup;
			children = (
				404CC65A24CE65E200686B99 /* Utils */,
				404CC65924CE65D600686B99 /* Scenes */,
				404CC65824CE65B500686B99 /* Resources */,
				404CC65724CE65A600686B99 /* Platform */,
				404CC65624CE659C00686B99 /* Extensions */,
				404CC65424CE658100686B99 /* Domain */,
				404CC65324CE655F00686B99 /* Application */,
				404CC63124CE645500686B99 /* Info.plist */,
				404CC65D24CE677500686B99 /* Bridging-Header.h */,
			);
			path = Delicious;
			sourceTree = "<group>";
		};
		404CC63924CE645500686B99 /* DeliciousTests */ = {
			isa = PBXGroup;
			children = (
				404CC63A24CE645500686B99 /* DeliciousTests.swift */,
				404CC63C24CE645500686B99 /* Info.plist */,
			);
			path = DeliciousTests;
			sourceTree = "<group>";
		};
		404CC64424CE645500686B99 /* DeliciousUITests */ = {
			isa = PBXGroup;
			children = (
				404CC64524CE645500686B99 /* DeliciousUITests.swift */,
				404CC64724CE645500686B99 /* Info.plist */,
			);
			path = DeliciousUITests;
			sourceTree = "<group>";
		};
		404CC65324CE655F00686B99 /* Application */ = {
			isa = PBXGroup;
			children = (
				404CC62024CE645200686B99 /* AppDelegate.swift */,
				404CC62224CE645200686B99 /* SceneDelegate.swift */,
			);
			path = Application;
			sourceTree = "<group>";
		};
		404CC65424CE658100686B99 /* Domain */ = {
			isa = PBXGroup;
			children = (
				404CC65524CE658D00686B99 /* Models */,
			);
			path = Domain;
			sourceTree = "<group>";
		};
		404CC65524CE658D00686B99 /* Models */ = {
			isa = PBXGroup;
			children = (
				4045027824D9063E00D0B1B0 /* Shopping List */,
				40EDDBA624CED8100091DDD2 /* Recipes */,
				40EDDBBE24CED8310091DDD2 /* RecipeType.swift */,
				40EDDBA524CED8100091DDD2 /* RecipeInformation.swift */,
				40F535B324D7DC3900CE4657 /* FavoriteRecipe.swift */,
			);
			path = Models;
			sourceTree = "<group>";
		};
		404CC65624CE659C00686B99 /* Extensions */ = {
			isa = PBXGroup;
			children = (
				40D2168024CE909C005310F3 /* Array+.swift */,
				40D2168224CE909C005310F3 /* MBSegmentControl+Rx.swift */,
				40D2168524CE909D005310F3 /* String+.swift */,
				40D2167F24CE909C005310F3 /* UIFont+.swift */,
				40D2168124CE909C005310F3 /* UIView+.swift */,
				40D2168424CE909C005310F3 /* UIViewController+.swift */,
				40D2168324CE909C005310F3 /* UIViewController+Rx.swift */,
				4048B88E24D38830001D795C /* UITableView+Rx.swift */,
				40308EC224D2778D0026A3B3 /* Number+.swift */,
				4045028824D92FDF00D0B1B0 /* MagicalRecord+Rx.swift */,
			);
			path = Extensions;
			sourceTree = "<group>";
		};
		404CC65724CE65A600686B99 /* Platform */ = {
			isa = PBXGroup;
			children = (
				407DED8924CECBC500B30B5A /* Services */,
				404CC65C24CE663400686B99 /* CoreData */,
			);
			path = Platform;
			sourceTree = "<group>";
		};
		404CC65824CE65B500686B99 /* Resources */ = {
			isa = PBXGroup;
			children = (
				404CC62C24CE645500686B99 /* Assets.xcassets */,
				404CC62624CE645200686B99 /* Main.storyboard */,
				404CC62E24CE645500686B99 /* LaunchScreen.storyboard */,
				404CC62924CE645200686B99 /* Delicious.xcdatamodeld */,
			);
			path = Resources;
			sourceTree = "<group>";
		};
		404CC65924CE65D600686B99 /* Scenes */ = {
			isa = PBXGroup;
			children = (
				4048B87324D382DF001D795C /* RecipeInfo */,
				4048B87824D382DF001D795C /* Search */,
				40D2169324CEB276005310F3 /* Favorite */,
				40D2169824CEB276005310F3 /* Home */,
				40D2169D24CEB276005310F3 /* ShoppingList */,
				40CAEAD724CE6E2D00037E4D /* App */,
				404CC65B24CE65F400686B99 /* Storyboards */,
			);
			path = Scenes;
			sourceTree = "<group>";
		};
		404CC65A24CE65E200686B99 /* Utils */ = {
			isa = PBXGroup;
			children = (
				40805DE324D7A9D000C5BB82 /* URLs.swift */,
				407DEDA824CECC6300B30B5A /* APIKey.swift */,
				40D2167D24CE905E005310F3 /* Constants.swift */,
				40D2168F24CEAE5B005310F3 /* Icon.swift */,
				4003876724D11254008CD83F /* Helpers.swift */,
				40358B1324D8003C00D7E8DE /* HeaderTableView.swift */,
				40358B1424D8003D00D7E8DE /* RefreshControl.swift */,
				4048B88924D38797001D795C /* UI */,
			);
			path = Utils;
			sourceTree = "<group>";
		};
		404CC65B24CE65F400686B99 /* Storyboards */ = {
			isa = PBXGroup;
			children = (
				40D216B024CEB45B005310F3 /* Favorite.storyboard */,
				40D216B124CEB45B005310F3 /* ShoppingList.storyboard */,
				40D216AE24CEB41E005310F3 /* Home.storyboard */,
				4048B88524D38314001D795C /* RecipeInfo.storyboard */,
				4048B88724D38325001D795C /* Search.storyboard */,
				40D216B424CEB4B3005310F3 /* StoryBoards.swift */,
			);
			path = Storyboards;
			sourceTree = "<group>";
		};
		404CC65C24CE663400686B99 /* CoreData */ = {
			isa = PBXGroup;
			children = (
				4045028C24D9304D00D0B1B0 /* CoreDataError.swift */,
				4045028A24D92FEA00D0B1B0 /* CoreDataRepository.swift */,
				4045028E24D9359C00D0B1B0 /* ShopingListRepository.swift */,
			);
			path = CoreData;
			sourceTree = "<group>";
		};
		407DED8924CECBC500B30B5A /* Services */ = {
			isa = PBXGroup;
			children = (
				407DED8A24CECBC500B30B5A /* APIServices.swift */,
				407DED8B24CECBC500B30B5A /* API */,
			);
			path = Services;
			sourceTree = "<group>";
		};
		407DED8B24CECBC500B30B5A /* API */ = {
			isa = PBXGroup;
			children = (
				40805DE524D7A9F900C5BB82 /* Repositories */,
				407DED8C24CECBC500B30B5A /* Response */,
				407DED8F24CECBC500B30B5A /* Request */,
				407DED9624CECBC500B30B5A /* Error */,
			);
			path = API;
			sourceTree = "<group>";
		};
		407DED8C24CECBC500B30B5A /* Response */ = {
			isa = PBXGroup;
			children = (
				40805DDF24D7A9BB00C5BB82 /* HomeResponse.swift */,
			);
			path = Response;
			sourceTree = "<group>";
		};
		407DED8F24CECBC500B30B5A /* Request */ = {
			isa = PBXGroup;
			children = (
				40805DE124D7A9C100C5BB82 /* HomeRequest.swift */,
				407DEDA624CECC5300B30B5A /* CustomRequestAdapter.swift */,
				407DED9124CECBC500B30B5A /* BaseRequest.swift */,
			);
			path = Request;
			sourceTree = "<group>";
		};
		407DED9624CECBC500B30B5A /* Error */ = {
			isa = PBXGroup;
			children = (
				407DED9724CECBC500B30B5A /* ErrorResponse.swift */,
				407DED9824CECBC500B30B5A /* BaseError.swift */,
				407DED9924CECBC500B30B5A /* HTTPStatusCode.swift */,
			);
			path = Error;
			sourceTree = "<group>";
		};
		40805DE524D7A9F900C5BB82 /* Repositories */ = {
			isa = PBXGroup;
			children = (
				40805DE624D7A9F900C5BB82 /* HomeRepository.swift */,
			);
			path = Repositories;
			sourceTree = "<group>";
		};
		40CAEAD724CE6E2D00037E4D /* App */ = {
			isa = PBXGroup;
			children = (
				40CAEAD924CE6E2E00037E4D /* AppNavigator.swift */,
				40CAEADA24CE6E2E00037E4D /* AppViewModel.swift */,
				40CAEADB24CE6E2E00037E4D /* AppUseCase.swift */,
				40D2168D24CE9AE2005310F3 /* AppNavigationController.swift */,
			);
			path = App;
			sourceTree = "<group>";
		};
		40D2169324CEB276005310F3 /* Favorite */ = {
			isa = PBXGroup;
			children = (
				40D2169424CEB276005310F3 /* FavoriteNavigator.swift */,
				40D2169724CEB276005310F3 /* FavoriteUseCase.swift */,
				40D2169624CEB276005310F3 /* FavoriteViewModel.swift */,
				40D2169524CEB276005310F3 /* FavoriteViewController.swift */,
			);
			path = Favorite;
			sourceTree = "<group>";
		};
		40D2169824CEB276005310F3 /* Home */ = {
			isa = PBXGroup;
			children = (
				4003875224D11132008CD83F /* Cell */,
				40D2169C24CEB276005310F3 /* HomeNavigator.swift */,
				40D2169A24CEB276005310F3 /* HomeUseCase.swift */,
				40D2169924CEB276005310F3 /* HomeViewModel.swift */,
				40D2169B24CEB276005310F3 /* HomeViewController.swift */,
				4003876524D11138008CD83F /* HomeDataSource.swift */,
			);
			path = Home;
			sourceTree = "<group>";
		};
		40D2169D24CEB276005310F3 /* ShoppingList */ = {
			isa = PBXGroup;
			children = (
				4045027F24D9075100D0B1B0 /* Cell */,
				40D2169E24CEB276005310F3 /* ShoppingListNavigator.swift */,
				40D2169F24CEB276005310F3 /* ShoppingListUseCase.swift */,
				40D216A024CEB276005310F3 /* ShoppingListViewModel.swift */,
				40D216A124CEB276005310F3 /* ShoppingListViewController.swift */,
			);
			path = ShoppingList;
			sourceTree = "<group>";
		};
		40EDDBA624CED8100091DDD2 /* Recipes */ = {
			isa = PBXGroup;
			children = (
				40EDDBA724CED8100091DDD2 /* Metric.swift */,
				40EDDBA824CED8100091DDD2 /* Nutrient.swift */,
				40EDDBA924CED8100091DDD2 /* WinePairing.swift */,
				40EDDBAA24CED8100091DDD2 /* CaloricBreakdown.swift */,
				40EDDBAB24CED8100091DDD2 /* AnalyzedInstruction.swift */,
				40EDDBAC24CED8100091DDD2 /* Step.swift */,
				40EDDBAD24CED8100091DDD2 /* Us.swift */,
				40EDDBAE24CED8100091DDD2 /* ExtendedIngredient.swift */,
				40EDDBAF24CED8100091DDD2 /* Measure.swift */,
				40EDDBB024CED8100091DDD2 /* Ingredient.swift */,
				40EDDBB124CED8100091DDD2 /* Nutrition.swift */,
			);
			path = Recipes;
			sourceTree = "<group>";
		};
		651AD9EE4559657B8008546D /* Frameworks */ = {
			isa = PBXGroup;
			children = (
				25D2E039C5EF491A0BD0C195 /* Pods_Delicious.framework */,
				370454AB369B584E902BB916 /* Pods_Delicious_DeliciousUITests.framework */,
				5D4D1E2C5C69C7E01983B635 /* Pods_DeliciousTests.framework */,
			);
			name = Frameworks;
			sourceTree = "<group>";
		};
		EE4DA0AEE18B9257B60CBF10 /* Pods */ = {
			isa = PBXGroup;
			children = (
				5206E7A8842697EC0D43E8F9 /* Pods-Delicious.debug.xcconfig */,
				0ABBB3369F1F383A0CF80815 /* Pods-Delicious.release.xcconfig */,
				421C78504683F16252932011 /* Pods-Delicious-DeliciousUITests.debug.xcconfig */,
				6186E806125F62F98259F826 /* Pods-Delicious-DeliciousUITests.release.xcconfig */,
				821BE7FEF4056136F0E39638 /* Pods-DeliciousTests.debug.xcconfig */,
				E6BD8DC2D174B03ABCD660AA /* Pods-DeliciousTests.release.xcconfig */,
			);
			path = Pods;
			sourceTree = "<group>";
		};
/* End PBXGroup section */

/* Begin PBXNativeTarget section */
		404CC61C24CE645200686B99 /* Delicious */ = {
			isa = PBXNativeTarget;
			buildConfigurationList = 404CC64A24CE645500686B99 /* Build configuration list for PBXNativeTarget "Delicious" */;
			buildPhases = (
				FB807ECB2468063A62CD1E19 /* [CP] Check Pods Manifest.lock */,
				404CC61924CE645200686B99 /* Sources */,
				404CC61A24CE645200686B99 /* Frameworks */,
				404CC61B24CE645200686B99 /* Resources */,
				8F4B2EC37910A0FBFEE2F030 /* [CP] Embed Pods Frameworks */,
				40CAEAE024CE723100037E4D /* Swiftlint */,
			);
			buildRules = (
			);
			dependencies = (
			);
			name = Delicious;
			productName = Delicious;
			productReference = 404CC61D24CE645200686B99 /* Delicious.app */;
			productType = "com.apple.product-type.application";
		};
		404CC63524CE645500686B99 /* DeliciousTests */ = {
			isa = PBXNativeTarget;
			buildConfigurationList = 404CC64D24CE645500686B99 /* Build configuration list for PBXNativeTarget "DeliciousTests" */;
			buildPhases = (
				7B010F723A3F42BD6C87C949 /* [CP] Check Pods Manifest.lock */,
				404CC63224CE645500686B99 /* Sources */,
				404CC63324CE645500686B99 /* Frameworks */,
				404CC63424CE645500686B99 /* Resources */,
			);
			buildRules = (
			);
			dependencies = (
				404CC63824CE645500686B99 /* PBXTargetDependency */,
			);
			name = DeliciousTests;
			productName = DeliciousTests;
			productReference = 404CC63624CE645500686B99 /* DeliciousTests.xctest */;
			productType = "com.apple.product-type.bundle.unit-test";
		};
		404CC64024CE645500686B99 /* DeliciousUITests */ = {
			isa = PBXNativeTarget;
			buildConfigurationList = 404CC65024CE645500686B99 /* Build configuration list for PBXNativeTarget "DeliciousUITests" */;
			buildPhases = (
				3E0D2180594EBE2553873157 /* [CP] Check Pods Manifest.lock */,
				404CC63D24CE645500686B99 /* Sources */,
				404CC63E24CE645500686B99 /* Frameworks */,
				404CC63F24CE645500686B99 /* Resources */,
				39363DBCBF190B7B0C739796 /* [CP] Embed Pods Frameworks */,
			);
			buildRules = (
			);
			dependencies = (
				404CC64324CE645500686B99 /* PBXTargetDependency */,
			);
			name = DeliciousUITests;
			productName = DeliciousUITests;
			productReference = 404CC64124CE645500686B99 /* DeliciousUITests.xctest */;
			productType = "com.apple.product-type.bundle.ui-testing";
		};
/* End PBXNativeTarget section */

/* Begin PBXProject section */
		404CC61524CE645200686B99 /* Project object */ = {
			isa = PBXProject;
			attributes = {
				LastSwiftUpdateCheck = 1110;
				LastUpgradeCheck = 1110;
				ORGANIZATIONNAME = HoaPQ;
				TargetAttributes = {
					404CC61C24CE645200686B99 = {
						CreatedOnToolsVersion = 11.1;
					};
					404CC63524CE645500686B99 = {
						CreatedOnToolsVersion = 11.1;
						TestTargetID = 404CC61C24CE645200686B99;
					};
					404CC64024CE645500686B99 = {
						CreatedOnToolsVersion = 11.1;
						TestTargetID = 404CC61C24CE645200686B99;
					};
				};
			};
			buildConfigurationList = 404CC61824CE645200686B99 /* Build configuration list for PBXProject "Delicious" */;
			compatibilityVersion = "Xcode 9.3";
			developmentRegion = en;
			hasScannedForEncodings = 0;
			knownRegions = (
				en,
				Base,
			);
			mainGroup = 404CC61424CE645200686B99;
			productRefGroup = 404CC61E24CE645200686B99 /* Products */;
			projectDirPath = "";
			projectRoot = "";
			targets = (
				404CC61C24CE645200686B99 /* Delicious */,
				404CC63524CE645500686B99 /* DeliciousTests */,
				404CC64024CE645500686B99 /* DeliciousUITests */,
			);
		};
/* End PBXProject section */

/* Begin PBXResourcesBuildPhase section */
		404CC61B24CE645200686B99 /* Resources */ = {
			isa = PBXResourcesBuildPhase;
			buildActionMask = 2147483647;
			files = (
				404CC63024CE645500686B99 /* LaunchScreen.storyboard in Resources */,
				404CC62D24CE645500686B99 /* Assets.xcassets in Resources */,
				4003876324D11132008CD83F /* FeaturedCLCell.xib in Resources */,
				4003875D24D11132008CD83F /* FeaturedTBCell.xib in Resources */,
				4045028724D9075100D0B1B0 /* ShoppingListTBCell.xib in Resources */,
				4003876224D11132008CD83F /* RecipeTBCell.xib in Resources */,
				40D216B324CEB45B005310F3 /* ShoppingList.storyboard in Resources */,
				404CC62824CE645200686B99 /* Main.storyboard in Resources */,
				40358B2D24D8008100D7E8DE /* NutritionTBCell.xib in Resources */,
				40358B2B24D8008100D7E8DE /* RecipeHeaderView.xib in Resources */,
				4003876024D11132008CD83F /* HomeTableHeaderView.xib in Resources */,
				4048B88624D38314001D795C /* RecipeInfo.storyboard in Resources */,
				4048B88C24D38797001D795C /* EmptyView.xib in Resources */,
				40358B2F24D8008100D7E8DE /* StepTBCell.xib in Resources */,
				40D216B224CEB45B005310F3 /* Favorite.storyboard in Resources */,
				4048B88824D38325001D795C /* Search.storyboard in Resources */,
				40358B2424D8008100D7E8DE /* IngredientTBCell.xib in Resources */,
				4045028624D9075100D0B1B0 /* ShoppingListHeaderView.xib in Resources */,
				40D216AF24CEB41E005310F3 /* Home.storyboard in Resources */,
			);
			runOnlyForDeploymentPostprocessing = 0;
		};
		404CC63424CE645500686B99 /* Resources */ = {
			isa = PBXResourcesBuildPhase;
			buildActionMask = 2147483647;
			files = (
			);
			runOnlyForDeploymentPostprocessing = 0;
		};
		404CC63F24CE645500686B99 /* Resources */ = {
			isa = PBXResourcesBuildPhase;
			buildActionMask = 2147483647;
			files = (
			);
			runOnlyForDeploymentPostprocessing = 0;
		};
/* End PBXResourcesBuildPhase section */

/* Begin PBXShellScriptBuildPhase section */
		39363DBCBF190B7B0C739796 /* [CP] Embed Pods Frameworks */ = {
			isa = PBXShellScriptBuildPhase;
			buildActionMask = 2147483647;
			files = (
			);
			inputFileListPaths = (
				"${PODS_ROOT}/Target Support Files/Pods-Delicious-DeliciousUITests/Pods-Delicious-DeliciousUITests-frameworks-${CONFIGURATION}-input-files.xcfilelist",
			);
			name = "[CP] Embed Pods Frameworks";
			outputFileListPaths = (
				"${PODS_ROOT}/Target Support Files/Pods-Delicious-DeliciousUITests/Pods-Delicious-DeliciousUITests-frameworks-${CONFIGURATION}-output-files.xcfilelist",
			);
			runOnlyForDeploymentPostprocessing = 0;
			shellPath = /bin/sh;
			shellScript = "\"${PODS_ROOT}/Target Support Files/Pods-Delicious-DeliciousUITests/Pods-Delicious-DeliciousUITests-frameworks.sh\"\n";
			showEnvVarsInLog = 0;
		};
		3E0D2180594EBE2553873157 /* [CP] Check Pods Manifest.lock */ = {
			isa = PBXShellScriptBuildPhase;
			buildActionMask = 2147483647;
			files = (
			);
			inputFileListPaths = (
			);
			inputPaths = (
				"${PODS_PODFILE_DIR_PATH}/Podfile.lock",
				"${PODS_ROOT}/Manifest.lock",
			);
			name = "[CP] Check Pods Manifest.lock";
			outputFileListPaths = (
			);
			outputPaths = (
				"$(DERIVED_FILE_DIR)/Pods-Delicious-DeliciousUITests-checkManifestLockResult.txt",
			);
			runOnlyForDeploymentPostprocessing = 0;
			shellPath = /bin/sh;
			shellScript = "diff \"${PODS_PODFILE_DIR_PATH}/Podfile.lock\" \"${PODS_ROOT}/Manifest.lock\" > /dev/null\nif [ $? != 0 ] ; then\n    # print error to STDERR\n    echo \"error: The sandbox is not in sync with the Podfile.lock. Run 'pod install' or update your CocoaPods installation.\" >&2\n    exit 1\nfi\n# This output is used by Xcode 'outputs' to avoid re-running this script phase.\necho \"SUCCESS\" > \"${SCRIPT_OUTPUT_FILE_0}\"\n";
			showEnvVarsInLog = 0;
		};
		40CAEAE024CE723100037E4D /* Swiftlint */ = {
			isa = PBXShellScriptBuildPhase;
			buildActionMask = 2147483647;
			files = (
			);
			inputFileListPaths = (
			);
			inputPaths = (
			);
			name = Swiftlint;
			outputFileListPaths = (
			);
			outputPaths = (
			);
			runOnlyForDeploymentPostprocessing = 0;
			shellPath = /bin/sh;
			shellScript = "# Type a script or drag a script file from your workspace to insert its path.\nif which swiftlint >/dev/null; then\n  swiftlint\nelse\n  echo \"warning: SwiftLint not installed, download from https://github.com/realm/SwiftLint\"\nfi\n";
		};
		7B010F723A3F42BD6C87C949 /* [CP] Check Pods Manifest.lock */ = {
			isa = PBXShellScriptBuildPhase;
			buildActionMask = 2147483647;
			files = (
			);
			inputFileListPaths = (
			);
			inputPaths = (
				"${PODS_PODFILE_DIR_PATH}/Podfile.lock",
				"${PODS_ROOT}/Manifest.lock",
			);
			name = "[CP] Check Pods Manifest.lock";
			outputFileListPaths = (
			);
			outputPaths = (
				"$(DERIVED_FILE_DIR)/Pods-DeliciousTests-checkManifestLockResult.txt",
			);
			runOnlyForDeploymentPostprocessing = 0;
			shellPath = /bin/sh;
			shellScript = "diff \"${PODS_PODFILE_DIR_PATH}/Podfile.lock\" \"${PODS_ROOT}/Manifest.lock\" > /dev/null\nif [ $? != 0 ] ; then\n    # print error to STDERR\n    echo \"error: The sandbox is not in sync with the Podfile.lock. Run 'pod install' or update your CocoaPods installation.\" >&2\n    exit 1\nfi\n# This output is used by Xcode 'outputs' to avoid re-running this script phase.\necho \"SUCCESS\" > \"${SCRIPT_OUTPUT_FILE_0}\"\n";
			showEnvVarsInLog = 0;
		};
		8F4B2EC37910A0FBFEE2F030 /* [CP] Embed Pods Frameworks */ = {
			isa = PBXShellScriptBuildPhase;
			buildActionMask = 2147483647;
			files = (
			);
			inputFileListPaths = (
				"${PODS_ROOT}/Target Support Files/Pods-Delicious/Pods-Delicious-frameworks-${CONFIGURATION}-input-files.xcfilelist",
			);
			name = "[CP] Embed Pods Frameworks";
			outputFileListPaths = (
				"${PODS_ROOT}/Target Support Files/Pods-Delicious/Pods-Delicious-frameworks-${CONFIGURATION}-output-files.xcfilelist",
			);
			runOnlyForDeploymentPostprocessing = 0;
			shellPath = /bin/sh;
			shellScript = "\"${PODS_ROOT}/Target Support Files/Pods-Delicious/Pods-Delicious-frameworks.sh\"\n";
			showEnvVarsInLog = 0;
		};
		FB807ECB2468063A62CD1E19 /* [CP] Check Pods Manifest.lock */ = {
			isa = PBXShellScriptBuildPhase;
			buildActionMask = 2147483647;
			files = (
			);
			inputFileListPaths = (
			);
			inputPaths = (
				"${PODS_PODFILE_DIR_PATH}/Podfile.lock",
				"${PODS_ROOT}/Manifest.lock",
			);
			name = "[CP] Check Pods Manifest.lock";
			outputFileListPaths = (
			);
			outputPaths = (
				"$(DERIVED_FILE_DIR)/Pods-Delicious-checkManifestLockResult.txt",
			);
			runOnlyForDeploymentPostprocessing = 0;
			shellPath = /bin/sh;
			shellScript = "diff \"${PODS_PODFILE_DIR_PATH}/Podfile.lock\" \"${PODS_ROOT}/Manifest.lock\" > /dev/null\nif [ $? != 0 ] ; then\n    # print error to STDERR\n    echo \"error: The sandbox is not in sync with the Podfile.lock. Run 'pod install' or update your CocoaPods installation.\" >&2\n    exit 1\nfi\n# This output is used by Xcode 'outputs' to avoid re-running this script phase.\necho \"SUCCESS\" > \"${SCRIPT_OUTPUT_FILE_0}\"\n";
			showEnvVarsInLog = 0;
		};
/* End PBXShellScriptBuildPhase section */

/* Begin PBXSourcesBuildPhase section */
		404CC61924CE645200686B99 /* Sources */ = {
			isa = PBXSourcesBuildPhase;
			buildActionMask = 2147483647;
			files = (
				4048B88124D382DF001D795C /* SearchViewController.swift in Sources */,
				4048B88D24D38797001D795C /* EmptyView.swift in Sources */,
				40D2168B24CE909D005310F3 /* UIViewController+.swift in Sources */,
				40D216A924CEB276005310F3 /* HomeNavigator.swift in Sources */,
				40358B1524D8003D00D7E8DE /* HeaderTableView.swift in Sources */,
				407DED9E24CECBC500B30B5A /* BaseRequest.swift in Sources */,
				40805DE024D7A9BB00C5BB82 /* HomeResponse.swift in Sources */,
				40358B1624D8003D00D7E8DE /* RefreshControl.swift in Sources */,
				4045028F24D9359C00D0B1B0 /* ShopingListRepository.swift in Sources */,
				4048B87E24D382DF001D795C /* RecipeInfoNavigator.swift in Sources */,
				4045028524D9075100D0B1B0 /* ShoppingListHeaderView.swift in Sources */,
				4045027E24D9063F00D0B1B0 /* ShortIngredient.swift in Sources */,
				40D216A624CEB276005310F3 /* HomeViewModel.swift in Sources */,
				407DEDA724CECC5300B30B5A /* CustomRequestAdapter.swift in Sources */,
				4003876124D11132008CD83F /* HomeTableHeaderView.swift in Sources */,
				40D2169024CEAE5B005310F3 /* Icon.swift in Sources */,
				40D216AB24CEB276005310F3 /* ShoppingListUseCase.swift in Sources */,
				40EDDBB324CED8100091DDD2 /* Metric.swift in Sources */,
				40D2168924CE909D005310F3 /* MBSegmentControl+Rx.swift in Sources */,
				40D216A224CEB276005310F3 /* FavoriteNavigator.swift in Sources */,
				40EDDBB624CED8100091DDD2 /* CaloricBreakdown.swift in Sources */,
				40805DE424D7A9D000C5BB82 /* URLs.swift in Sources */,
				40EDDBB424CED8100091DDD2 /* Nutrient.swift in Sources */,
				4048B88324D382DF001D795C /* SearchViewModel.swift in Sources */,
				40D2168624CE909D005310F3 /* UIFont+.swift in Sources */,
				40D2168E24CE9AE2005310F3 /* AppNavigationController.swift in Sources */,
				40EDDBBB24CED8100091DDD2 /* Measure.swift in Sources */,
				407DEDA324CECBC500B30B5A /* ErrorResponse.swift in Sources */,
				40EDDBB924CED8100091DDD2 /* Us.swift in Sources */,
				40D216A524CEB276005310F3 /* FavoriteUseCase.swift in Sources */,
				4045029124D9367200D0B1B0 /* NSShortIngredient.swift in Sources */,
				4045028424D9075100D0B1B0 /* ShoppingListTBCell.swift in Sources */,
				40EDDBBA24CED8100091DDD2 /* ExtendedIngredient.swift in Sources */,
				40CAEADE24CE6E2E00037E4D /* AppViewModel.swift in Sources */,
				4045027D24D9063F00D0B1B0 /* ShoppingList.swift in Sources */,
				404CC62124CE645200686B99 /* AppDelegate.swift in Sources */,
				4003875E24D11132008CD83F /* RecipeTBCell.swift in Sources */,
				40D216A824CEB276005310F3 /* HomeViewController.swift in Sources */,
				404CC62324CE645200686B99 /* SceneDelegate.swift in Sources */,
				407DED9A24CECBC500B30B5A /* APIServices.swift in Sources */,
				40D216AD24CEB276005310F3 /* ShoppingListViewController.swift in Sources */,
				40EDDBBC24CED8100091DDD2 /* Ingredient.swift in Sources */,
				40EDDBBF24CED8310091DDD2 /* RecipeType.swift in Sources */,
				40358B2E24D8008100D7E8DE /* StepTBCell.swift in Sources */,
				4045028B24D92FEA00D0B1B0 /* CoreDataRepository.swift in Sources */,
				40805DE224D7A9C200C5BB82 /* HomeRequest.swift in Sources */,
				4048B87D24D382DF001D795C /* RecipeInfoViewController.swift in Sources */,
				40358B2A24D8008100D7E8DE /* IngredientTBCell.swift in Sources */,
				407DEDA524CECBC500B30B5A /* HTTPStatusCode.swift in Sources */,
				40D2168C24CE909D005310F3 /* String+.swift in Sources */,
				40F535B424D7DC3900CE4657 /* FavoriteRecipe.swift in Sources */,
				40D2168A24CE909D005310F3 /* UIViewController+Rx.swift in Sources */,
				40EDDBB224CED8100091DDD2 /* RecipeInformation.swift in Sources */,
				4003875F24D11132008CD83F /* FeaturedTBCell.swift in Sources */,
				4048B88024D382DF001D795C /* RecipeInfoViewModel.swift in Sources */,
				40D216B524CEB4B3005310F3 /* StoryBoards.swift in Sources */,
				40CAEADF24CE6E2E00037E4D /* AppUseCase.swift in Sources */,
				40308EC324D2778D0026A3B3 /* Number+.swift in Sources */,
				40D216AC24CEB276005310F3 /* ShoppingListViewModel.swift in Sources */,
				404CC62B24CE645200686B99 /* Delicious.xcdatamodeld in Sources */,
				40D216A324CEB276005310F3 /* FavoriteViewController.swift in Sources */,
				40D216AA24CEB276005310F3 /* ShoppingListNavigator.swift in Sources */,
				4048B88224D382DF001D795C /* SearchUseCase.swift in Sources */,
				40CAEADD24CE6E2E00037E4D /* AppNavigator.swift in Sources */,
				40358B2624D8008100D7E8DE /* RecipeHeaderView.swift in Sources */,
				40D2168824CE909D005310F3 /* UIView+.swift in Sources */,
				40358B2924D8008100D7E8DE /* NutritionTBCell.swift in Sources */,
				4048B88424D382DF001D795C /* SearchNavigator.swift in Sources */,
				40EDDBBD24CED8100091DDD2 /* Nutrition.swift in Sources */,
				4003876624D11138008CD83F /* HomeDataSource.swift in Sources */,
				4003876424D11132008CD83F /* FeaturedCLCell.swift in Sources */,
				40EDDBB524CED8100091DDD2 /* WinePairing.swift in Sources */,
				4048B87F24D382DF001D795C /* RecipeInfoUseCase.swift in Sources */,
				40D2167E24CE905E005310F3 /* Constants.swift in Sources */,
				4048B89024D38830001D795C /* UITableView+Rx.swift in Sources */,
				40D216A424CEB276005310F3 /* FavoriteViewModel.swift in Sources */,
				4045028924D92FDF00D0B1B0 /* MagicalRecord+Rx.swift in Sources */,
				4003876824D11254008CD83F /* Helpers.swift in Sources */,
				40805DE724D7A9F900C5BB82 /* HomeRepository.swift in Sources */,
				40D216A724CEB276005310F3 /* HomeUseCase.swift in Sources */,
				40D2168724CE909D005310F3 /* Array+.swift in Sources */,
				40EDDBB824CED8100091DDD2 /* Step.swift in Sources */,
				407DEDA924CECC6400B30B5A /* APIKey.swift in Sources */,
				40EDDBB724CED8100091DDD2 /* AnalyzedInstruction.swift in Sources */,
				407DEDA424CECBC500B30B5A /* BaseError.swift in Sources */,
				4045028D24D9304D00D0B1B0 /* CoreDataError.swift in Sources */,
			);
			runOnlyForDeploymentPostprocessing = 0;
		};
		404CC63224CE645500686B99 /* Sources */ = {
			isa = PBXSourcesBuildPhase;
			buildActionMask = 2147483647;
			files = (
				404CC63B24CE645500686B99 /* DeliciousTests.swift in Sources */,
			);
			runOnlyForDeploymentPostprocessing = 0;
		};
		404CC63D24CE645500686B99 /* Sources */ = {
			isa = PBXSourcesBuildPhase;
			buildActionMask = 2147483647;
			files = (
				404CC64624CE645500686B99 /* DeliciousUITests.swift in Sources */,
			);
			runOnlyForDeploymentPostprocessing = 0;
		};
/* End PBXSourcesBuildPhase section */

/* Begin PBXTargetDependency section */
		404CC63824CE645500686B99 /* PBXTargetDependency */ = {
			isa = PBXTargetDependency;
			target = 404CC61C24CE645200686B99 /* Delicious */;
			targetProxy = 404CC63724CE645500686B99 /* PBXContainerItemProxy */;
		};
		404CC64324CE645500686B99 /* PBXTargetDependency */ = {
			isa = PBXTargetDependency;
			target = 404CC61C24CE645200686B99 /* Delicious */;
			targetProxy = 404CC64224CE645500686B99 /* PBXContainerItemProxy */;
		};
/* End PBXTargetDependency section */

/* Begin PBXVariantGroup section */
		404CC62624CE645200686B99 /* Main.storyboard */ = {
			isa = PBXVariantGroup;
			children = (
				404CC62724CE645200686B99 /* Base */,
			);
			name = Main.storyboard;
			sourceTree = "<group>";
		};
		404CC62E24CE645500686B99 /* LaunchScreen.storyboard */ = {
			isa = PBXVariantGroup;
			children = (
				404CC62F24CE645500686B99 /* Base */,
			);
			name = LaunchScreen.storyboard;
			sourceTree = "<group>";
		};
/* End PBXVariantGroup section */

/* Begin XCBuildConfiguration section */
		404CC64824CE645500686B99 /* Debug */ = {
			isa = XCBuildConfiguration;
			buildSettings = {
				ALWAYS_SEARCH_USER_PATHS = NO;
				CLANG_ANALYZER_NONNULL = YES;
				CLANG_ANALYZER_NUMBER_OBJECT_CONVERSION = YES_AGGRESSIVE;
				CLANG_CXX_LANGUAGE_STANDARD = "gnu++14";
				CLANG_CXX_LIBRARY = "libc++";
				CLANG_ENABLE_MODULES = YES;
				CLANG_ENABLE_OBJC_ARC = YES;
				CLANG_ENABLE_OBJC_WEAK = YES;
				CLANG_WARN_BLOCK_CAPTURE_AUTORELEASING = YES;
				CLANG_WARN_BOOL_CONVERSION = YES;
				CLANG_WARN_COMMA = YES;
				CLANG_WARN_CONSTANT_CONVERSION = YES;
				CLANG_WARN_DEPRECATED_OBJC_IMPLEMENTATIONS = YES;
				CLANG_WARN_DIRECT_OBJC_ISA_USAGE = YES_ERROR;
				CLANG_WARN_DOCUMENTATION_COMMENTS = YES;
				CLANG_WARN_EMPTY_BODY = YES;
				CLANG_WARN_ENUM_CONVERSION = YES;
				CLANG_WARN_INFINITE_RECURSION = YES;
				CLANG_WARN_INT_CONVERSION = YES;
				CLANG_WARN_NON_LITERAL_NULL_CONVERSION = YES;
				CLANG_WARN_OBJC_IMPLICIT_RETAIN_SELF = YES;
				CLANG_WARN_OBJC_LITERAL_CONVERSION = YES;
				CLANG_WARN_OBJC_ROOT_CLASS = YES_ERROR;
				CLANG_WARN_RANGE_LOOP_ANALYSIS = YES;
				CLANG_WARN_STRICT_PROTOTYPES = YES;
				CLANG_WARN_SUSPICIOUS_MOVE = YES;
				CLANG_WARN_UNGUARDED_AVAILABILITY = YES_AGGRESSIVE;
				CLANG_WARN_UNREACHABLE_CODE = YES;
				CLANG_WARN__DUPLICATE_METHOD_MATCH = YES;
				COPY_PHASE_STRIP = NO;
				DEBUG_INFORMATION_FORMAT = dwarf;
				ENABLE_STRICT_OBJC_MSGSEND = YES;
				ENABLE_TESTABILITY = YES;
				GCC_C_LANGUAGE_STANDARD = gnu11;
				GCC_DYNAMIC_NO_PIC = NO;
				GCC_NO_COMMON_BLOCKS = YES;
				GCC_OPTIMIZATION_LEVEL = 0;
				GCC_PREPROCESSOR_DEFINITIONS = (
					"DEBUG=1",
					"$(inherited)",
				);
				GCC_WARN_64_TO_32_BIT_CONVERSION = YES;
				GCC_WARN_ABOUT_RETURN_TYPE = YES_ERROR;
				GCC_WARN_UNDECLARED_SELECTOR = YES;
				GCC_WARN_UNINITIALIZED_AUTOS = YES_AGGRESSIVE;
				GCC_WARN_UNUSED_FUNCTION = YES;
				GCC_WARN_UNUSED_VARIABLE = YES;
				IPHONEOS_DEPLOYMENT_TARGET = 13.1;
				MTL_ENABLE_DEBUG_INFO = INCLUDE_SOURCE;
				MTL_FAST_MATH = YES;
				ONLY_ACTIVE_ARCH = YES;
				SDKROOT = iphoneos;
				SWIFT_ACTIVE_COMPILATION_CONDITIONS = DEBUG;
				SWIFT_OPTIMIZATION_LEVEL = "-Onone";
			};
			name = Debug;
		};
		404CC64924CE645500686B99 /* Release */ = {
			isa = XCBuildConfiguration;
			buildSettings = {
				ALWAYS_SEARCH_USER_PATHS = NO;
				CLANG_ANALYZER_NONNULL = YES;
				CLANG_ANALYZER_NUMBER_OBJECT_CONVERSION = YES_AGGRESSIVE;
				CLANG_CXX_LANGUAGE_STANDARD = "gnu++14";
				CLANG_CXX_LIBRARY = "libc++";
				CLANG_ENABLE_MODULES = YES;
				CLANG_ENABLE_OBJC_ARC = YES;
				CLANG_ENABLE_OBJC_WEAK = YES;
				CLANG_WARN_BLOCK_CAPTURE_AUTORELEASING = YES;
				CLANG_WARN_BOOL_CONVERSION = YES;
				CLANG_WARN_COMMA = YES;
				CLANG_WARN_CONSTANT_CONVERSION = YES;
				CLANG_WARN_DEPRECATED_OBJC_IMPLEMENTATIONS = YES;
				CLANG_WARN_DIRECT_OBJC_ISA_USAGE = YES_ERROR;
				CLANG_WARN_DOCUMENTATION_COMMENTS = YES;
				CLANG_WARN_EMPTY_BODY = YES;
				CLANG_WARN_ENUM_CONVERSION = YES;
				CLANG_WARN_INFINITE_RECURSION = YES;
				CLANG_WARN_INT_CONVERSION = YES;
				CLANG_WARN_NON_LITERAL_NULL_CONVERSION = YES;
				CLANG_WARN_OBJC_IMPLICIT_RETAIN_SELF = YES;
				CLANG_WARN_OBJC_LITERAL_CONVERSION = YES;
				CLANG_WARN_OBJC_ROOT_CLASS = YES_ERROR;
				CLANG_WARN_RANGE_LOOP_ANALYSIS = YES;
				CLANG_WARN_STRICT_PROTOTYPES = YES;
				CLANG_WARN_SUSPICIOUS_MOVE = YES;
				CLANG_WARN_UNGUARDED_AVAILABILITY = YES_AGGRESSIVE;
				CLANG_WARN_UNREACHABLE_CODE = YES;
				CLANG_WARN__DUPLICATE_METHOD_MATCH = YES;
				COPY_PHASE_STRIP = NO;
				DEBUG_INFORMATION_FORMAT = "dwarf-with-dsym";
				ENABLE_NS_ASSERTIONS = NO;
				ENABLE_STRICT_OBJC_MSGSEND = YES;
				GCC_C_LANGUAGE_STANDARD = gnu11;
				GCC_NO_COMMON_BLOCKS = YES;
				GCC_WARN_64_TO_32_BIT_CONVERSION = YES;
				GCC_WARN_ABOUT_RETURN_TYPE = YES_ERROR;
				GCC_WARN_UNDECLARED_SELECTOR = YES;
				GCC_WARN_UNINITIALIZED_AUTOS = YES_AGGRESSIVE;
				GCC_WARN_UNUSED_FUNCTION = YES;
				GCC_WARN_UNUSED_VARIABLE = YES;
				IPHONEOS_DEPLOYMENT_TARGET = 13.1;
				MTL_ENABLE_DEBUG_INFO = NO;
				MTL_FAST_MATH = YES;
				SDKROOT = iphoneos;
				SWIFT_COMPILATION_MODE = wholemodule;
				SWIFT_OPTIMIZATION_LEVEL = "-O";
				VALIDATE_PRODUCT = YES;
			};
			name = Release;
		};
		404CC64B24CE645500686B99 /* Debug */ = {
			isa = XCBuildConfiguration;
			baseConfigurationReference = 5206E7A8842697EC0D43E8F9 /* Pods-Delicious.debug.xcconfig */;
			buildSettings = {
				ASSETCATALOG_COMPILER_APPICON_NAME = AppIcon;
				CODE_SIGN_STYLE = Manual;
				DEVELOPMENT_TEAM = "";
				INFOPLIST_FILE = Delicious/Info.plist;
				LD_RUNPATH_SEARCH_PATHS = (
					"$(inherited)",
					"@executable_path/Frameworks",
				);
				PRODUCT_BUNDLE_IDENTIFIER = com.mespi.Delicious;
				PRODUCT_NAME = "$(TARGET_NAME)";
				PROVISIONING_PROFILE_SPECIFIER = "";
				SWIFT_OBJC_BRIDGING_HEADER = "Delicious/Bridging-Header.h";
				SWIFT_VERSION = 5.0;
				TARGETED_DEVICE_FAMILY = 1;
			};
			name = Debug;
		};
		404CC64C24CE645500686B99 /* Release */ = {
			isa = XCBuildConfiguration;
			baseConfigurationReference = 0ABBB3369F1F383A0CF80815 /* Pods-Delicious.release.xcconfig */;
			buildSettings = {
				ASSETCATALOG_COMPILER_APPICON_NAME = AppIcon;
				CODE_SIGN_STYLE = Manual;
				DEVELOPMENT_TEAM = "";
				INFOPLIST_FILE = Delicious/Info.plist;
				LD_RUNPATH_SEARCH_PATHS = (
					"$(inherited)",
					"@executable_path/Frameworks",
				);
				PRODUCT_BUNDLE_IDENTIFIER = com.mespi.Delicious;
				PRODUCT_NAME = "$(TARGET_NAME)";
				PROVISIONING_PROFILE_SPECIFIER = "";
				SWIFT_OBJC_BRIDGING_HEADER = "Delicious/Bridging-Header.h";
				SWIFT_VERSION = 5.0;
				TARGETED_DEVICE_FAMILY = 1;
			};
			name = Release;
		};
		404CC64E24CE645500686B99 /* Debug */ = {
			isa = XCBuildConfiguration;
			baseConfigurationReference = 821BE7FEF4056136F0E39638 /* Pods-DeliciousTests.debug.xcconfig */;
			buildSettings = {
				ALWAYS_EMBED_SWIFT_STANDARD_LIBRARIES = YES;
				BUNDLE_LOADER = "$(TEST_HOST)";
				CODE_SIGN_STYLE = Automatic;
				DEVELOPMENT_TEAM = BA72ZN423N;
				INFOPLIST_FILE = DeliciousTests/Info.plist;
				IPHONEOS_DEPLOYMENT_TARGET = 13.1;
				LD_RUNPATH_SEARCH_PATHS = (
					"$(inherited)",
					"@executable_path/Frameworks",
					"@loader_path/Frameworks",
				);
				PRODUCT_BUNDLE_IDENTIFIER = com.mespi.DeliciousTests;
				PRODUCT_NAME = "$(TARGET_NAME)";
				SWIFT_VERSION = 5.0;
				TARGETED_DEVICE_FAMILY = "1,2";
				TEST_HOST = "$(BUILT_PRODUCTS_DIR)/Delicious.app/Delicious";
			};
			name = Debug;
		};
		404CC64F24CE645500686B99 /* Release */ = {
			isa = XCBuildConfiguration;
			baseConfigurationReference = E6BD8DC2D174B03ABCD660AA /* Pods-DeliciousTests.release.xcconfig */;
			buildSettings = {
				ALWAYS_EMBED_SWIFT_STANDARD_LIBRARIES = YES;
				BUNDLE_LOADER = "$(TEST_HOST)";
				CODE_SIGN_STYLE = Automatic;
				DEVELOPMENT_TEAM = BA72ZN423N;
				INFOPLIST_FILE = DeliciousTests/Info.plist;
				IPHONEOS_DEPLOYMENT_TARGET = 13.1;
				LD_RUNPATH_SEARCH_PATHS = (
					"$(inherited)",
					"@executable_path/Frameworks",
					"@loader_path/Frameworks",
				);
				PRODUCT_BUNDLE_IDENTIFIER = com.mespi.DeliciousTests;
				PRODUCT_NAME = "$(TARGET_NAME)";
				SWIFT_VERSION = 5.0;
				TARGETED_DEVICE_FAMILY = "1,2";
				TEST_HOST = "$(BUILT_PRODUCTS_DIR)/Delicious.app/Delicious";
			};
			name = Release;
		};
		404CC65124CE645500686B99 /* Debug */ = {
			isa = XCBuildConfiguration;
			baseConfigurationReference = 421C78504683F16252932011 /* Pods-Delicious-DeliciousUITests.debug.xcconfig */;
			buildSettings = {
				ALWAYS_EMBED_SWIFT_STANDARD_LIBRARIES = YES;
				CODE_SIGN_STYLE = Automatic;
				DEVELOPMENT_TEAM = BA72ZN423N;
				INFOPLIST_FILE = DeliciousUITests/Info.plist;
				LD_RUNPATH_SEARCH_PATHS = (
					"$(inherited)",
					"@executable_path/Frameworks",
					"@loader_path/Frameworks",
				);
				PRODUCT_BUNDLE_IDENTIFIER = com.mespi.DeliciousUITests;
				PRODUCT_NAME = "$(TARGET_NAME)";
				SWIFT_VERSION = 5.0;
				TARGETED_DEVICE_FAMILY = "1,2";
				TEST_TARGET_NAME = Delicious;
			};
			name = Debug;
		};
		404CC65224CE645500686B99 /* Release */ = {
			isa = XCBuildConfiguration;
			baseConfigurationReference = 6186E806125F62F98259F826 /* Pods-Delicious-DeliciousUITests.release.xcconfig */;
			buildSettings = {
				ALWAYS_EMBED_SWIFT_STANDARD_LIBRARIES = YES;
				CODE_SIGN_STYLE = Automatic;
				DEVELOPMENT_TEAM = BA72ZN423N;
				INFOPLIST_FILE = DeliciousUITests/Info.plist;
				LD_RUNPATH_SEARCH_PATHS = (
					"$(inherited)",
					"@executable_path/Frameworks",
					"@loader_path/Frameworks",
				);
				PRODUCT_BUNDLE_IDENTIFIER = com.mespi.DeliciousUITests;
				PRODUCT_NAME = "$(TARGET_NAME)";
				SWIFT_VERSION = 5.0;
				TARGETED_DEVICE_FAMILY = "1,2";
				TEST_TARGET_NAME = Delicious;
			};
			name = Release;
		};
/* End XCBuildConfiguration section */

/* Begin XCConfigurationList section */
		404CC61824CE645200686B99 /* Build configuration list for PBXProject "Delicious" */ = {
			isa = XCConfigurationList;
			buildConfigurations = (
				404CC64824CE645500686B99 /* Debug */,
				404CC64924CE645500686B99 /* Release */,
			);
			defaultConfigurationIsVisible = 0;
			defaultConfigurationName = Release;
		};
		404CC64A24CE645500686B99 /* Build configuration list for PBXNativeTarget "Delicious" */ = {
			isa = XCConfigurationList;
			buildConfigurations = (
				404CC64B24CE645500686B99 /* Debug */,
				404CC64C24CE645500686B99 /* Release */,
			);
			defaultConfigurationIsVisible = 0;
			defaultConfigurationName = Release;
		};
		404CC64D24CE645500686B99 /* Build configuration list for PBXNativeTarget "DeliciousTests" */ = {
			isa = XCConfigurationList;
			buildConfigurations = (
				404CC64E24CE645500686B99 /* Debug */,
				404CC64F24CE645500686B99 /* Release */,
			);
			defaultConfigurationIsVisible = 0;
			defaultConfigurationName = Release;
		};
		404CC65024CE645500686B99 /* Build configuration list for PBXNativeTarget "DeliciousUITests" */ = {
			isa = XCConfigurationList;
			buildConfigurations = (
				404CC65124CE645500686B99 /* Debug */,
				404CC65224CE645500686B99 /* Release */,
			);
			defaultConfigurationIsVisible = 0;
			defaultConfigurationName = Release;
		};
/* End XCConfigurationList section */

/* Begin XCVersionGroup section */
		404CC62924CE645200686B99 /* Delicious.xcdatamodeld */ = {
			isa = XCVersionGroup;
			children = (
				404CC62A24CE645200686B99 /* Delicious.xcdatamodel */,
			);
			currentVersion = 404CC62A24CE645200686B99 /* Delicious.xcdatamodel */;
			path = Delicious.xcdatamodeld;
			sourceTree = "<group>";
			versionGroupType = wrapper.xcdatamodel;
		};
/* End XCVersionGroup section */
	};
	rootObject = 404CC61524CE645200686B99 /* Project object */;
}
