PODS:
  - Alamofire (4.9.1)
  - Differentiator (4.0.1)
  - MagicalRecord (2.3.0)
  - MarqueeLabel (4.0.2)
  - MaterialComponents/AnimationTiming (110.3.0)
  - MaterialComponents/Availability (110.3.0)
  - MaterialComponents/Buttons (110.3.0):
    - MaterialComponents/Elevation
    - MaterialComponents/Ink
    - MaterialComponents/private/Math
    - MaterialComponents/Ripple
    - MaterialComponents/ShadowElevations
    - MaterialComponents/ShadowLayer
    - MaterialComponents/ShapeLibrary
    - MaterialComponents/Shapes
    - MaterialComponents/Typography
    - MDFInternationalization
    - MDFTextAccessibility
  - MaterialComponents/Chips (110.3.0):
    - MaterialComponents/Elevation
    - MaterialComponents/Ink
    - MaterialComponents/private/Math
    - MaterialComponents/Ripple
    - MaterialComponents/ShadowElevations
    - MaterialComponents/ShadowLayer
    - MaterialComponents/ShapeLibrary
    - MaterialComponents/Shapes
    - MaterialComponents/TextFields
    - MaterialComponents/Typography
    - MDFInternationalization
  - MaterialComponents/Elevation (110.3.0):
    - MaterialComponents/Availability
    - MaterialComponents/private/Color
    - MaterialComponents/private/Math
  - MaterialComponents/Ink (110.3.0):
    - MaterialComponents/Availability
    - MaterialComponents/private/Color
    - MaterialComponents/private/Math
  - MaterialComponents/Palettes (110.3.0)
  - MaterialComponents/private/Application (110.3.0)
  - MaterialComponents/private/Color (110.3.0):
    - MaterialComponents/Availability
  - MaterialComponents/private/Math (110.3.0)
  - MaterialComponents/Ripple (110.3.0):
    - MaterialComponents/AnimationTiming
    - MaterialComponents/Availability
    - MaterialComponents/private/Color
    - MaterialComponents/private/Math
  - MaterialComponents/ShadowElevations (110.3.0)
  - MaterialComponents/ShadowLayer (110.3.0):
    - MaterialComponents/ShadowElevations
  - MaterialComponents/ShapeLibrary (110.3.0):
    - MaterialComponents/private/Math
    - MaterialComponents/Shapes
  - MaterialComponents/Shapes (110.3.0):
    - MaterialComponents/private/Color
    - MaterialComponents/private/Math
    - MaterialComponents/ShadowLayer
  - MaterialComponents/TextFields (110.3.0):
    - MaterialComponents/AnimationTiming
    - MaterialComponents/Buttons
    - MaterialComponents/Elevation
    - MaterialComponents/Palettes
    - MaterialComponents/private/Math
    - MaterialComponents/Typography
    - MDFInternationalization
  - MaterialComponents/Typography (110.3.0):
    - MaterialComponents/private/Application
    - MaterialComponents/private/Math
    - MDFTextAccessibility
  - MBProgressHUD (1.2.0)
  - MBSegmentControl (0.0.1)
  - MDFInternationalization (2.0.0)
  - MDFTextAccessibility (2.0.0)
  - MGArchitecture (1.3.1):
    - RxCocoa (~> 5.1)
    - RxSwift (~> 5.1)
  - MGLoadMore (1.3.1):
    - MJRefresh (~> 3.2)
    - RxCocoa (~> 5.1)
    - RxSwift (~> 5.1)
  - MJRefresh (3.4.3)
  - "NSObject+Rx (5.1.0)":
    - RxSwift (~> 5.1)
  - ObjectMapper (3.5.3)
  - OrderedSet (5.0.0)
  - Reusable (4.1.1):
    - Reusable/Storyboard (= 4.1.1)
    - Reusable/View (= 4.1.1)
  - Reusable/Storyboard (4.1.1)
  - Reusable/View (4.1.1)
  - RxCocoa (5.1.1):
    - RxRelay (~> 5)
    - RxSwift (~> 5)
  - RxDataSources (4.0.1):
    - Differentiator (~> 4.0)
    - RxCocoa (~> 5.0)
    - RxSwift (~> 5.0)
  - RxGesture (3.0.2):
    - RxCocoa (~> 5.1)
    - RxSwift (~> 5.1)
  - RxRelay (5.1.1):
    - RxSwift (~> 5)
  - RxSwift (5.1.1)
  - RxViewController (1.0.0):
    - RxCocoa (~> 5.0)
    - RxSwift (~> 5.0)
  - SDWebImage (5.8.3):
    - SDWebImage/Core (= 5.8.3)
  - SDWebImage/Core (5.8.3)
  - SnapKit (5.0.1)
  - Then (2.7.0)
  - UICollectionViewLeftAlignedLayout (1.0.2)
  - Validator (3.2.1)

DEPENDENCIES:
  - Alamofire (= 4.9.1)
  - MagicalRecord (= 2.3.0)
  - MarqueeLabel (= 4.0.2)
  - MaterialComponents/Chips (= 110.3.0)
  - MBProgressHUD (= 1.2.0)
  - MBSegmentControl (from `https://github.com/HoaPham98/MBSegmentControl.git`)
  - MGArchitecture (= 1.3.1)
  - MGLoadMore (= 1.3.1)
  - MJRefresh (= 3.4.3)
  - "NSObject+Rx (= 5.1.0)"
  - ObjectMapper (= 3.5.3)
  - OrderedSet (= 5.0.0)
  - Reusable (= 4.1.1)
  - RxDataSources (= 4.0.1)
  - RxGesture (= 3.0.2)
  - RxViewController (= 1.0)
  - SDWebImage (= 5.8.3)
  - SnapKit (= 5.0.1)
  - Then (= 2.7.0)
  - UICollectionViewLeftAlignedLayout (= 1.0.2)
  - Validator (= 3.2.1)

SPEC REPOS:
  trunk:
    - Alamofire
    - Differentiator
    - MagicalRecord
    - MarqueeLabel
    - MaterialComponents
    - MBProgressHUD
    - MDFInternationalization
    - MDFTextAccessibility
    - MGArchitecture
    - MGLoadMore
    - MJRefresh
    - "NSObject+Rx"
    - ObjectMapper
    - OrderedSet
    - Reusable
    - RxCocoa
    - RxDataSources
    - RxGesture
    - RxRelay
    - RxSwift
    - RxViewController
    - SDWebImage
    - SnapKit
    - Then
    - UICollectionViewLeftAlignedLayout
    - Validator

EXTERNAL SOURCES:
  MBSegmentControl:
    :git: https://github.com/HoaPham98/MBSegmentControl.git

CHECKOUT OPTIONS:
  MBSegmentControl:
    :commit: 1c2645ff930d7454fdee385af07d4cb8a6c898aa
    :git: https://github.com/HoaPham98/MBSegmentControl.git

SPEC CHECKSUMS:
  Alamofire: 85e8a02c69d6020a0d734f6054870d7ecb75cf18
  Differentiator: 886080237d9f87f322641dedbc5be257061b0602
  MagicalRecord: 89eb7d7ead39fb37f01c3d010665ee94d17f8dba
  MarqueeLabel: f762aa681ae201f66c1d511858b171f75d83013a
  MaterialComponents: 424da6db40748236c6f071a9e9fbe00aa62033ff
  MBProgressHUD: 3ee5efcc380f6a79a7cc9b363dd669c5e1ae7406
  MBSegmentControl: 4d6e5c3286071719aac483a981b300e036eea395
  MDFInternationalization: 010097556d6b09d2c4ea38e0820ea6d37be6a314
  MDFTextAccessibility: 85c09a1bd9c321f494348e632a25063bcda35a53
  MGArchitecture: 0fa04fdeea21f26469b8faab16ba48752af31499
  MGLoadMore: a12ea88793ed989f2afd73b958aaf70e12048a7d
  MJRefresh: 53e3e3219f204425ee6d3e62e8733d3295944cd6
  "NSObject+Rx": fa6bbcc1ab1faa06b01466bc09b1e0692bbc5946
  ObjectMapper: 97111c97e054a6ee25917662106689f0b4127b37
  OrderedSet: aaeb196f7fef5a9edf55d89760da9176ad40b93c
  Reusable: 53a9acf5c536f229b31b5865782414b508252ddb
  RxCocoa: 32065309a38d29b5b0db858819b5bf9ef038b601
  RxDataSources: efee07fa4de48477eca0a4611e6d11e2da9c1114
  RxGesture: d6bd7447ca3a596c7a9702a6a2b6a2bb5d8bae54
  RxRelay: d77f7d771495f43c556cbc43eebd1bb54d01e8e9
  RxSwift: 81470a2074fa8780320ea5fe4102807cb7118178
  RxViewController: 7330a46e5c31cd680db169da4c9fc8676e975a81
  SDWebImage: 112503ec94a5a2a41869503844a15e8d8f1ead5c
  SnapKit: 97b92857e3df3a0c71833cce143274bf6ef8e5eb
  Then: acfe0be7e98221c6204e12f8161459606d5d822d
  UICollectionViewLeftAlignedLayout: 830bf6fa5bab9f9b464f62e3384f9d2e00b3c0f6
  Validator: 80a6f567220c962dfd2d9928ae98a8c1d164f6f4

PODFILE CHECKSUM: 88ac1d62a0dc895be1f86f56df4740ed30c52942

COCOAPODS: 1.9.3
