PODS:
  - Alamofire (4.9.1)
  - Differentiator (4.0.1)
  - MagicalRecord (2.3.0)
  - MarqueeLabel (4.0.2)
  - MBProgressHUD (1.2.0)
  - MBSegmentControl (0.0.1)
  - MGArchitecture (1.3.1):
    - RxCocoa (~> 5.1)
    - RxSwift (~> 5.1)
  - MGLoadMore (1.3.1):
    - MJRefresh (~> 3.2)
    - RxCocoa (~> 5.1)
    - RxSwift (~> 5.1)
  - MJRefresh (3.4.3)
  - "NSObject+Rx (5.1.0)":
    - RxSwift (~> 5.1)
  - ObjectMapper (3.5.3)
  - OrderedSet (5.0.0)
  - Reusable (4.1.1):
    - Reusable/Storyboard (= 4.1.1)
    - Reusable/View (= 4.1.1)
  - Reusable/Storyboard (4.1.1)
  - Reusable/View (4.1.1)
  - RxCocoa (5.1.1):
    - RxRelay (~> 5)
    - RxSwift (~> 5)
  - RxDataSources (4.0.1):
    - Differentiator (~> 4.0)
    - RxCocoa (~> 5.0)
    - RxSwift (~> 5.0)
  - RxRelay (5.1.1):
    - RxSwift (~> 5)
  - RxSwift (5.1.1)
  - SDWebImage (5.8.3):
    - SDWebImage/Core (= 5.8.3)
  - SDWebImage/Core (5.8.3)
  - SnapKit (5.0.1)
  - Then (2.7.0)
  - UICollectionViewLeftAlignedLayout (1.0.2)
  - Validator (3.2.1)

DEPENDENCIES:
  - Alamofire (= 4.9.1)
  - MagicalRecord (= 2.3.0)
  - MarqueeLabel (= 4.0.2)
  - MBProgressHUD (= 1.2.0)
  - MBSegmentControl (from `https://github.com/HoaPham98/MBSegmentControl.git`)
  - MGArchitecture (= 1.3.1)
  - MGLoadMore (= 1.3.1)
  - MJRefresh (= 3.4.3)
  - "NSObject+Rx (= 5.1.0)"
  - ObjectMapper (= 3.5.3)
  - OrderedSet (= 5.0.0)
  - Reusable (= 4.1.1)
  - RxDataSources (= 4.0.1)
  - SDWebImage (= 5.8.3)
  - SnapKit (= 5.0.1)
  - Then (= 2.7.0)
  - UICollectionViewLeftAlignedLayout (= 1.0.2)
  - Validator (= 3.2.1)

SPEC REPOS:
  trunk:
    - Alamofire
    - Differentiator
    - MagicalRecord
    - MarqueeLabel
    - MBProgressHUD
    - MGArchitecture
    - MGLoadMore
    - MJRefresh
    - "NSObject+Rx"
    - ObjectMapper
    - OrderedSet
    - Reusable
    - RxCocoa
    - RxDataSources
    - RxRelay
    - RxSwift
    - SDWebImage
    - SnapKit
    - Then
    - UICollectionViewLeftAlignedLayout
    - Validator

EXTERNAL SOURCES:
  MBSegmentControl:
    :git: https://github.com/HoaPham98/MBSegmentControl.git

CHECKOUT OPTIONS:
  MBSegmentControl:
    :commit: 1c2645ff930d7454fdee385af07d4cb8a6c898aa
    :git: https://github.com/HoaPham98/MBSegmentControl.git

SPEC CHECKSUMS:
  Alamofire: 85e8a02c69d6020a0d734f6054870d7ecb75cf18
  Differentiator: 886080237d9f87f322641dedbc5be257061b0602
  MagicalRecord: 89eb7d7ead39fb37f01c3d010665ee94d17f8dba
  MarqueeLabel: f762aa681ae201f66c1d511858b171f75d83013a
  MBProgressHUD: 3ee5efcc380f6a79a7cc9b363dd669c5e1ae7406
  MBSegmentControl: 4d6e5c3286071719aac483a981b300e036eea395
  MGArchitecture: 0fa04fdeea21f26469b8faab16ba48752af31499
  MGLoadMore: a12ea88793ed989f2afd73b958aaf70e12048a7d
  MJRefresh: 53e3e3219f204425ee6d3e62e8733d3295944cd6
  "NSObject+Rx": fa6bbcc1ab1faa06b01466bc09b1e0692bbc5946
  ObjectMapper: 97111c97e054a6ee25917662106689f0b4127b37
  OrderedSet: aaeb196f7fef5a9edf55d89760da9176ad40b93c
  Reusable: 53a9acf5c536f229b31b5865782414b508252ddb
  RxCocoa: 32065309a38d29b5b0db858819b5bf9ef038b601
  RxDataSources: efee07fa4de48477eca0a4611e6d11e2da9c1114
  RxRelay: d77f7d771495f43c556cbc43eebd1bb54d01e8e9
  RxSwift: 81470a2074fa8780320ea5fe4102807cb7118178
  SDWebImage: 112503ec94a5a2a41869503844a15e8d8f1ead5c
  SnapKit: 97b92857e3df3a0c71833cce143274bf6ef8e5eb
  Then: acfe0be7e98221c6204e12f8161459606d5d822d
  UICollectionViewLeftAlignedLayout: 830bf6fa5bab9f9b464f62e3384f9d2e00b3c0f6
  Validator: 80a6f567220c962dfd2d9928ae98a8c1d164f6f4

PODFILE CHECKSUM: 26484dbef90b9a51901e39845a77f98157a819ac

COCOAPODS: 1.9.3
